// !$*UTF8*$!
{
	archiveVersion = 1;
	classes = {
	};
	objectVersion = 52;
	objects = {

/* Begin PBXBuildFile section */
		9613245023E12A0600982898 /* CGRect+Center.swift in Sources */ = {isa = PBXBuildFile; fileRef = 9613244F23E12A0600982898 /* CGRect+Center.swift */; };
		9613245223E23D4000982898 /* CGPoint+Translation.swift in Sources */ = {isa = PBXBuildFile; fileRef = 9613245123E23D4000982898 /* CGPoint+Translation.swift */; };
		9616A1D723FB7176007CABA1 /* ControlsView.swift in Sources */ = {isa = PBXBuildFile; fileRef = 9616A1D623FB7176007CABA1 /* ControlsView.swift */; };
		961AC2A823E374AC003341B0 /* Notification+Freecell.swift in Sources */ = {isa = PBXBuildFile; fileRef = 961AC2A723E374AC003341B0 /* Notification+Freecell.swift */; };
		961AC2AA23E4B661003341B0 /* MoveEvent.swift in Sources */ = {isa = PBXBuildFile; fileRef = 961AC2A923E4B661003341B0 /* MoveEvent.swift */; };
		9622959A23835A7B005D599B /* Cell.swift in Sources */ = {isa = PBXBuildFile; fileRef = 9622959923835A7B005D599B /* Cell.swift */; };
		9622959C238393BA005D599B /* GameView.swift in Sources */ = {isa = PBXBuildFile; fileRef = 96A363F9237CF0FC005C45FB /* GameView.swift */; };
		962295F223884563005D599B /* CardRectangle.swift in Sources */ = {isa = PBXBuildFile; fileRef = 962295F123884563005D599B /* CardRectangle.swift */; };
		962295F52388762D005D599B /* BoardView.swift in Sources */ = {isa = PBXBuildFile; fileRef = 962295F323887623005D599B /* BoardView.swift */; };
		962295F92388937D005D599B /* CardTapHandler.swift in Sources */ = {isa = PBXBuildFile; fileRef = 962295F72388936C005D599B /* CardTapHandler.swift */; };
		962562892381D846003C09AA /* CardView.swift in Sources */ = {isa = PBXBuildFile; fileRef = 962562882381D846003C09AA /* CardView.swift */; };
		9625628B2381D84C003C09AA /* FreeCellView.swift in Sources */ = {isa = PBXBuildFile; fileRef = 9625628A2381D84C003C09AA /* FreeCellView.swift */; };
		9625628D2381D853003C09AA /* FoundationView.swift in Sources */ = {isa = PBXBuildFile; fileRef = 9625628C2381D853003C09AA /* FoundationView.swift */; };
		9625628F2381D857003C09AA /* ColumnView.swift in Sources */ = {isa = PBXBuildFile; fileRef = 9625628E2381D857003C09AA /* ColumnView.swift */; };
		962562912381DEEB003C09AA /* EmptySpotView.swift in Sources */ = {isa = PBXBuildFile; fileRef = 962562902381DEEB003C09AA /* EmptySpotView.swift */; };
		9627FED023AB19CF00F8F63B /* CustomDebugStrings.swift in Sources */ = {isa = PBXBuildFile; fileRef = 9627FECF23AB19CF00F8F63B /* CustomDebugStrings.swift */; };
		96416DE923FA2FC4000197E0 /* CoreDataStackManager in Frameworks */ = {isa = PBXBuildFile; productRef = 96416DE823FA2FC4000197E0 /* CoreDataStackManager */; };
		964BBF0623A47B96009B4FDE /* BackgroundColorView.swift in Sources */ = {isa = PBXBuildFile; fileRef = 964BBF0523A47B96009B4FDE /* BackgroundColorView.swift */; };
		964BBF0823A4861C009B4FDE /* Board+Convenience.swift in Sources */ = {isa = PBXBuildFile; fileRef = 964BBF0723A4861C009B4FDE /* Board+Convenience.swift */; };
		964BBF0A23A48661009B4FDE /* FullStackMovementTests.swift in Sources */ = {isa = PBXBuildFile; fileRef = 964BBF0923A48661009B4FDE /* FullStackMovementTests.swift */; };
		964BBF0C23A48697009B4FDE /* Board+Preconfigured.swift in Sources */ = {isa = PBXBuildFile; fileRef = 964BBF0B23A48697009B4FDE /* Board+Preconfigured.swift */; };
		964BBF1423A489BF009B4FDE /* LocationTests.swift in Sources */ = {isa = PBXBuildFile; fileRef = 964BBF1323A489BF009B4FDE /* LocationTests.swift */; };
		964BBF1623A48A88009B4FDE /* Column+Sample.swift in Sources */ = {isa = PBXBuildFile; fileRef = 964BBF1523A48A88009B4FDE /* Column+Sample.swift */; };
		964BBF1823A48B0B009B4FDE /* SubstackMovementTests.swift in Sources */ = {isa = PBXBuildFile; fileRef = 964BBF1723A48B0B009B4FDE /* SubstackMovementTests.swift */; };
		964BBF1A23A48B39009B4FDE /* BoardTests.swift in Sources */ = {isa = PBXBuildFile; fileRef = 964BBF1923A48B39009B4FDE /* BoardTests.swift */; };
		964BBF1D23A6D9C3009B4FDE /* StackOffsetting.swift in Sources */ = {isa = PBXBuildFile; fileRef = 964BBF1C23A6D9C3009B4FDE /* StackOffsetting.swift */; };
		9661BFAE23DE86A300DFC5E9 /* CellInfo.swift in Sources */ = {isa = PBXBuildFile; fileRef = 9661BFAD23DE86A300DFC5E9 /* CellInfo.swift */; };
		9661E7AC2380439C00183A99 /* CardStack.swift in Sources */ = {isa = PBXBuildFile; fileRef = 9661E7AB2380439C00183A99 /* CardStack.swift */; };
		9683E0A223F87A5500B6C114 /* Freecell.xcdatamodeld in Sources */ = {isa = PBXBuildFile; fileRef = 9683E0A023F87A5500B6C114 /* Freecell.xcdatamodeld */; };
		9683E0A423F89D6F00B6C114 /* GameRecord.swift in Sources */ = {isa = PBXBuildFile; fileRef = 9683E0A323F89D6F00B6C114 /* GameRecord.swift */; };
		9688893A2389CB83001DD34B /* Result+SuccessVoid.swift in Sources */ = {isa = PBXBuildFile; fileRef = 968889392389CB83001DD34B /* Result+SuccessVoid.swift */; };
		9688893C238B679A001DD34B /* Suit+Color.swift in Sources */ = {isa = PBXBuildFile; fileRef = 9688893B238B679A001DD34B /* Suit+Color.swift */; };
		9689E18A23AB0BA4008B960B /* SteppingSubscriber.swift in Sources */ = {isa = PBXBuildFile; fileRef = 9689E18823AB0BA4008B960B /* SteppingSubscriber.swift */; };
		9689E18B23AB0BA4008B960B /* ModulatedPublisher.swift in Sources */ = {isa = PBXBuildFile; fileRef = 9689E18923AB0BA4008B960B /* ModulatedPublisher.swift */; };
		9689E18D23AB0BBB008B960B /* CustomPublisherTests.swift in Sources */ = {isa = PBXBuildFile; fileRef = 9689E18C23AB0BBB008B960B /* CustomPublisherTests.swift */; };
		96A363F6237CF0FC005C45FB /* AppDelegate.swift in Sources */ = {isa = PBXBuildFile; fileRef = 96A363F5237CF0FC005C45FB /* AppDelegate.swift */; };
		96A363F8237CF0FC005C45FB /* SceneDelegate.swift in Sources */ = {isa = PBXBuildFile; fileRef = 96A363F7237CF0FC005C45FB /* SceneDelegate.swift */; };
		96A363FC237CF0FD005C45FB /* Assets.xcassets in Resources */ = {isa = PBXBuildFile; fileRef = 96A363FB237CF0FD005C45FB /* Assets.xcassets */; };
		96A363FF237CF0FD005C45FB /* Preview Assets.xcassets in Resources */ = {isa = PBXBuildFile; fileRef = 96A363FE237CF0FD005C45FB /* Preview Assets.xcassets */; };
		96A36402237CF0FD005C45FB /* LaunchScreen.storyboard in Resources */ = {isa = PBXBuildFile; fileRef = 96A36400237CF0FD005C45FB /* LaunchScreen.storyboard */; };
		96A3640D237CF0FD005C45FB /* FreecellTests.swift in Sources */ = {isa = PBXBuildFile; fileRef = 96A3640C237CF0FD005C45FB /* FreecellTests.swift */; };
		96A36418237CF0FD005C45FB /* FreecellUITests.swift in Sources */ = {isa = PBXBuildFile; fileRef = 96A36417237CF0FD005C45FB /* FreecellUITests.swift */; };
		96A36433237CF138005C45FB /* DeckKit.framework in Frameworks */ = {isa = PBXBuildFile; fileRef = 96A3642A237CF138005C45FB /* DeckKit.framework */; };
		96A3643A237CF138005C45FB /* DeckKitTests.swift in Sources */ = {isa = PBXBuildFile; fileRef = 96A36439237CF138005C45FB /* DeckKitTests.swift */; };
		96A3643C237CF138005C45FB /* DeckKit.h in Headers */ = {isa = PBXBuildFile; fileRef = 96A3642C237CF138005C45FB /* DeckKit.h */; settings = {ATTRIBUTES = (Public, ); }; };
		96A3643F237CF138005C45FB /* DeckKit.framework in Frameworks */ = {isa = PBXBuildFile; fileRef = 96A3642A237CF138005C45FB /* DeckKit.framework */; };
		96A36440237CF138005C45FB /* DeckKit.framework in Embed Frameworks */ = {isa = PBXBuildFile; fileRef = 96A3642A237CF138005C45FB /* DeckKit.framework */; settings = {ATTRIBUTES = (CodeSignOnCopy, RemoveHeadersOnCopy, ); }; };
		96A36449237CF141005C45FB /* Suit.swift in Sources */ = {isa = PBXBuildFile; fileRef = 96A36448237CF141005C45FB /* Suit.swift */; };
		96A3644B237CF157005C45FB /* Card.swift in Sources */ = {isa = PBXBuildFile; fileRef = 96A3644A237CF157005C45FB /* Card.swift */; };
		96A3644F237CF18B005C45FB /* Deck.swift in Sources */ = {isa = PBXBuildFile; fileRef = 96A3644E237CF18B005C45FB /* Deck.swift */; };
		96A36451237CF475005C45FB /* Rank.swift in Sources */ = {isa = PBXBuildFile; fileRef = 96A36450237CF475005C45FB /* Rank.swift */; };
		96A36462237E33C0005C45FB /* FreecellKit.framework in Frameworks */ = {isa = PBXBuildFile; fileRef = 96A36459237E33BF005C45FB /* FreecellKit.framework */; };
		96A36469237E33C0005C45FB /* FreecellKitTests.swift in Sources */ = {isa = PBXBuildFile; fileRef = 96A36468237E33C0005C45FB /* FreecellKitTests.swift */; };
		96A3646B237E33C0005C45FB /* FreecellKit.h in Headers */ = {isa = PBXBuildFile; fileRef = 96A3645B237E33BF005C45FB /* FreecellKit.h */; settings = {ATTRIBUTES = (Public, ); }; };
		96A3646E237E33C0005C45FB /* FreecellKit.framework in Frameworks */ = {isa = PBXBuildFile; fileRef = 96A36459237E33BF005C45FB /* FreecellKit.framework */; };
		96A3646F237E33C0005C45FB /* FreecellKit.framework in Embed Frameworks */ = {isa = PBXBuildFile; fileRef = 96A36459237E33BF005C45FB /* FreecellKit.framework */; settings = {ATTRIBUTES = (CodeSignOnCopy, RemoveHeadersOnCopy, ); }; };
		96A36477237E33D3005C45FB /* Board.swift in Sources */ = {isa = PBXBuildFile; fileRef = 96A36476237E33D3005C45FB /* Board.swift */; };
		96A36479237E3408005C45FB /* Stack.swift in Sources */ = {isa = PBXBuildFile; fileRef = 96A36478237E3408005C45FB /* Stack.swift */; };
		96A3647B237E367A005C45FB /* DeckKit.framework in Frameworks */ = {isa = PBXBuildFile; fileRef = 96A3642A237CF138005C45FB /* DeckKit.framework */; };
		96A3647C237E367A005C45FB /* DeckKit.framework in Embed Frameworks */ = {isa = PBXBuildFile; fileRef = 96A3642A237CF138005C45FB /* DeckKit.framework */; settings = {ATTRIBUTES = (CodeSignOnCopy, RemoveHeadersOnCopy, ); }; };
		96A36480237E37D1005C45FB /* Rank+FreecellValue.swift in Sources */ = {isa = PBXBuildFile; fileRef = 96A36452237CF490005C45FB /* Rank+FreecellValue.swift */; };
		96A36482237E384C005C45FB /* Column.swift in Sources */ = {isa = PBXBuildFile; fileRef = 96A36481237E384C005C45FB /* Column.swift */; };
		96A36484237E3851005C45FB /* FreeCell.swift in Sources */ = {isa = PBXBuildFile; fileRef = 96A36483237E3851005C45FB /* FreeCell.swift */; };
		96A36486237E385B005C45FB /* Foundation.swift in Sources */ = {isa = PBXBuildFile; fileRef = 96A36485237E385B005C45FB /* Foundation.swift */; };
		96A36488237E3894005C45FB /* FreecellError.swift in Sources */ = {isa = PBXBuildFile; fileRef = 96A36487237E3894005C45FB /* FreecellError.swift */; };
		96A3648A237F51BA005C45FB /* Convenience.swift in Sources */ = {isa = PBXBuildFile; fileRef = 96A36489237F51BA005C45FB /* Convenience.swift */; };
		96A7223C2401814C004F7F47 /* EmojiBombAnimator.swift in Sources */ = {isa = PBXBuildFile; fileRef = 96A7223B2401814C004F7F47 /* EmojiBombAnimator.swift */; };
		96A7223E240181DB004F7F47 /* EmojiBombView.swift in Sources */ = {isa = PBXBuildFile; fileRef = 96A7223D240181DB004F7F47 /* EmojiBombView.swift */; };
		96CA9AD0238CC4F000C34A60 /* Card+Id.swift in Sources */ = {isa = PBXBuildFile; fileRef = 96CA9ACF238CC4F000C34A60 /* Card+Id.swift */; };
		96CA9AD8238F0E4900C34A60 /* AppDelegate.swift in Sources */ = {isa = PBXBuildFile; fileRef = 96CA9AD7238F0E4900C34A60 /* AppDelegate.swift */; };
		96CA9ADA238F0E4900C34A60 /* GameView.swift in Sources */ = {isa = PBXBuildFile; fileRef = 96CA9AD9238F0E4900C34A60 /* GameView.swift */; };
		96CA9ADC238F0E4B00C34A60 /* Assets.xcassets in Resources */ = {isa = PBXBuildFile; fileRef = 96CA9ADB238F0E4B00C34A60 /* Assets.xcassets */; };
		96CA9ADF238F0E4B00C34A60 /* Preview Assets.xcassets in Resources */ = {isa = PBXBuildFile; fileRef = 96CA9ADE238F0E4B00C34A60 /* Preview Assets.xcassets */; };
		96CA9AE2238F0E4B00C34A60 /* Main.storyboard in Resources */ = {isa = PBXBuildFile; fileRef = 96CA9AE0238F0E4B00C34A60 /* Main.storyboard */; };
		96CA9AEE238F0E4B00C34A60 /* Freecell_MacTests.swift in Sources */ = {isa = PBXBuildFile; fileRef = 96CA9AED238F0E4B00C34A60 /* Freecell_MacTests.swift */; };
		96CA9AF9238F0E4B00C34A60 /* Freecell_MacUITests.swift in Sources */ = {isa = PBXBuildFile; fileRef = 96CA9AF8238F0E4B00C34A60 /* Freecell_MacUITests.swift */; };
		96CA9B04238F0E5600C34A60 /* DeckKit.framework in Frameworks */ = {isa = PBXBuildFile; fileRef = 96A3642A237CF138005C45FB /* DeckKit.framework */; };
		96CA9B05238F0E5600C34A60 /* DeckKit.framework in Embed Frameworks */ = {isa = PBXBuildFile; fileRef = 96A3642A237CF138005C45FB /* DeckKit.framework */; settings = {ATTRIBUTES = (CodeSignOnCopy, RemoveHeadersOnCopy, ); }; };
		96CA9B09238F0E5C00C34A60 /* FreecellKit.framework in Frameworks */ = {isa = PBXBuildFile; fileRef = 96A36459237E33BF005C45FB /* FreecellKit.framework */; };
		96CA9B0A238F0E5C00C34A60 /* FreecellKit.framework in Embed Frameworks */ = {isa = PBXBuildFile; fileRef = 96A36459237E33BF005C45FB /* FreecellKit.framework */; settings = {ATTRIBUTES = (CodeSignOnCopy, RemoveHeadersOnCopy, ); }; };
		96CA9B0E239300C300C34A60 /* BoardViewDriver.swift in Sources */ = {isa = PBXBuildFile; fileRef = 96CA9B0D239300C300C34A60 /* BoardViewDriver.swift */; };
		96E188B923BBF301008129AF /* StatusBarHidingFirstResponderHostingController.swift in Sources */ = {isa = PBXBuildFile; fileRef = 96E188B823BBF301008129AF /* StatusBarHidingFirstResponderHostingController.swift */; };
/* End PBXBuildFile section */

/* Begin PBXContainerItemProxy section */
		96A36409237CF0FD005C45FB /* PBXContainerItemProxy */ = {
			isa = PBXContainerItemProxy;
			containerPortal = 96A363EA237CF0FC005C45FB /* Project object */;
			proxyType = 1;
			remoteGlobalIDString = 96A363F1237CF0FC005C45FB;
			remoteInfo = Freecell;
		};
		96A36414237CF0FD005C45FB /* PBXContainerItemProxy */ = {
			isa = PBXContainerItemProxy;
			containerPortal = 96A363EA237CF0FC005C45FB /* Project object */;
			proxyType = 1;
			remoteGlobalIDString = 96A363F1237CF0FC005C45FB;
			remoteInfo = Freecell;
		};
		96A36434237CF138005C45FB /* PBXContainerItemProxy */ = {
			isa = PBXContainerItemProxy;
			containerPortal = 96A363EA237CF0FC005C45FB /* Project object */;
			proxyType = 1;
			remoteGlobalIDString = 96A36429237CF138005C45FB;
			remoteInfo = CardKit;
		};
		96A36436237CF138005C45FB /* PBXContainerItemProxy */ = {
			isa = PBXContainerItemProxy;
			containerPortal = 96A363EA237CF0FC005C45FB /* Project object */;
			proxyType = 1;
			remoteGlobalIDString = 96A363F1237CF0FC005C45FB;
			remoteInfo = Freecell;
		};
		96A3643D237CF138005C45FB /* PBXContainerItemProxy */ = {
			isa = PBXContainerItemProxy;
			containerPortal = 96A363EA237CF0FC005C45FB /* Project object */;
			proxyType = 1;
			remoteGlobalIDString = 96A36429237CF138005C45FB;
			remoteInfo = CardKit;
		};
		96A36463237E33C0005C45FB /* PBXContainerItemProxy */ = {
			isa = PBXContainerItemProxy;
			containerPortal = 96A363EA237CF0FC005C45FB /* Project object */;
			proxyType = 1;
			remoteGlobalIDString = 96A36458237E33BF005C45FB;
			remoteInfo = FreecellKit;
		};
		96A36465237E33C0005C45FB /* PBXContainerItemProxy */ = {
			isa = PBXContainerItemProxy;
			containerPortal = 96A363EA237CF0FC005C45FB /* Project object */;
			proxyType = 1;
			remoteGlobalIDString = 96A363F1237CF0FC005C45FB;
			remoteInfo = Freecell;
		};
		96A3646C237E33C0005C45FB /* PBXContainerItemProxy */ = {
			isa = PBXContainerItemProxy;
			containerPortal = 96A363EA237CF0FC005C45FB /* Project object */;
			proxyType = 1;
			remoteGlobalIDString = 96A36458237E33BF005C45FB;
			remoteInfo = FreecellKit;
		};
		96A3647D237E367A005C45FB /* PBXContainerItemProxy */ = {
			isa = PBXContainerItemProxy;
			containerPortal = 96A363EA237CF0FC005C45FB /* Project object */;
			proxyType = 1;
			remoteGlobalIDString = 96A36429237CF138005C45FB;
			remoteInfo = DeckKit;
		};
		96CA9AEA238F0E4B00C34A60 /* PBXContainerItemProxy */ = {
			isa = PBXContainerItemProxy;
			containerPortal = 96A363EA237CF0FC005C45FB /* Project object */;
			proxyType = 1;
			remoteGlobalIDString = 96CA9AD4238F0E4900C34A60;
			remoteInfo = "Freecell-Mac";
		};
		96CA9AF5238F0E4B00C34A60 /* PBXContainerItemProxy */ = {
			isa = PBXContainerItemProxy;
			containerPortal = 96A363EA237CF0FC005C45FB /* Project object */;
			proxyType = 1;
			remoteGlobalIDString = 96CA9AD4238F0E4900C34A60;
			remoteInfo = "Freecell-Mac";
		};
		96CA9B06238F0E5600C34A60 /* PBXContainerItemProxy */ = {
			isa = PBXContainerItemProxy;
			containerPortal = 96A363EA237CF0FC005C45FB /* Project object */;
			proxyType = 1;
			remoteGlobalIDString = 96A36429237CF138005C45FB;
			remoteInfo = DeckKit;
		};
		96CA9B0B238F0E5C00C34A60 /* PBXContainerItemProxy */ = {
			isa = PBXContainerItemProxy;
			containerPortal = 96A363EA237CF0FC005C45FB /* Project object */;
			proxyType = 1;
			remoteGlobalIDString = 96A36458237E33BF005C45FB;
			remoteInfo = FreecellKit;
		};
/* End PBXContainerItemProxy section */

/* Begin PBXCopyFilesBuildPhase section */
		96A36444237CF138005C45FB /* Embed Frameworks */ = {
			isa = PBXCopyFilesBuildPhase;
			buildActionMask = 2147483647;
			dstPath = "";
			dstSubfolderSpec = 10;
			files = (
				96A36440237CF138005C45FB /* DeckKit.framework in Embed Frameworks */,
				96A3646F237E33C0005C45FB /* FreecellKit.framework in Embed Frameworks */,
			);
			name = "Embed Frameworks";
			runOnlyForDeploymentPostprocessing = 0;
		};
		96A3647F237E367A005C45FB /* Embed Frameworks */ = {
			isa = PBXCopyFilesBuildPhase;
			buildActionMask = 2147483647;
			dstPath = "";
			dstSubfolderSpec = 10;
			files = (
				96A3647C237E367A005C45FB /* DeckKit.framework in Embed Frameworks */,
			);
			name = "Embed Frameworks";
			runOnlyForDeploymentPostprocessing = 0;
		};
		96CA9B08238F0E5700C34A60 /* Embed Frameworks */ = {
			isa = PBXCopyFilesBuildPhase;
			buildActionMask = 2147483647;
			dstPath = "";
			dstSubfolderSpec = 10;
			files = (
				96CA9B05238F0E5600C34A60 /* DeckKit.framework in Embed Frameworks */,
				96CA9B0A238F0E5C00C34A60 /* FreecellKit.framework in Embed Frameworks */,
			);
			name = "Embed Frameworks";
			runOnlyForDeploymentPostprocessing = 0;
		};
/* End PBXCopyFilesBuildPhase section */

/* Begin PBXFileReference section */
		9613244F23E12A0600982898 /* CGRect+Center.swift */ = {isa = PBXFileReference; lastKnownFileType = sourcecode.swift; path = "CGRect+Center.swift"; sourceTree = "<group>"; };
		9613245123E23D4000982898 /* CGPoint+Translation.swift */ = {isa = PBXFileReference; lastKnownFileType = sourcecode.swift; path = "CGPoint+Translation.swift"; sourceTree = "<group>"; };
		9616A1D623FB7176007CABA1 /* ControlsView.swift */ = {isa = PBXFileReference; lastKnownFileType = sourcecode.swift; path = ControlsView.swift; sourceTree = "<group>"; };
		961AC2A723E374AC003341B0 /* Notification+Freecell.swift */ = {isa = PBXFileReference; lastKnownFileType = sourcecode.swift; path = "Notification+Freecell.swift"; sourceTree = "<group>"; };
		961AC2A923E4B661003341B0 /* MoveEvent.swift */ = {isa = PBXFileReference; lastKnownFileType = sourcecode.swift; path = MoveEvent.swift; sourceTree = "<group>"; };
		9622959923835A7B005D599B /* Cell.swift */ = {isa = PBXFileReference; lastKnownFileType = sourcecode.swift; path = Cell.swift; sourceTree = "<group>"; };
		962295F123884563005D599B /* CardRectangle.swift */ = {isa = PBXFileReference; lastKnownFileType = sourcecode.swift; path = CardRectangle.swift; sourceTree = "<group>"; };
		962295F323887623005D599B /* BoardView.swift */ = {isa = PBXFileReference; lastKnownFileType = sourcecode.swift; name = BoardView.swift; path = FreecellKit/Views/BoardView.swift; sourceTree = SOURCE_ROOT; };
		962295F72388936C005D599B /* CardTapHandler.swift */ = {isa = PBXFileReference; lastKnownFileType = sourcecode.swift; path = CardTapHandler.swift; sourceTree = "<group>"; };
		962562882381D846003C09AA /* CardView.swift */ = {isa = PBXFileReference; lastKnownFileType = sourcecode.swift; path = CardView.swift; sourceTree = "<group>"; };
		9625628A2381D84C003C09AA /* FreeCellView.swift */ = {isa = PBXFileReference; lastKnownFileType = sourcecode.swift; path = FreeCellView.swift; sourceTree = "<group>"; };
		9625628C2381D853003C09AA /* FoundationView.swift */ = {isa = PBXFileReference; lastKnownFileType = sourcecode.swift; path = FoundationView.swift; sourceTree = "<group>"; };
		9625628E2381D857003C09AA /* ColumnView.swift */ = {isa = PBXFileReference; lastKnownFileType = sourcecode.swift; path = ColumnView.swift; sourceTree = "<group>"; };
		962562902381DEEB003C09AA /* EmptySpotView.swift */ = {isa = PBXFileReference; lastKnownFileType = sourcecode.swift; path = EmptySpotView.swift; sourceTree = "<group>"; };
		9627FECF23AB19CF00F8F63B /* CustomDebugStrings.swift */ = {isa = PBXFileReference; lastKnownFileType = sourcecode.swift; path = CustomDebugStrings.swift; sourceTree = "<group>"; };
		96416DC623F9CAEF000197E0 /* Freecell.entitlements */ = {isa = PBXFileReference; lastKnownFileType = text.plist.entitlements; path = Freecell.entitlements; sourceTree = "<group>"; };
		964BBF0523A47B96009B4FDE /* BackgroundColorView.swift */ = {isa = PBXFileReference; lastKnownFileType = sourcecode.swift; path = BackgroundColorView.swift; sourceTree = "<group>"; };
		964BBF0723A4861C009B4FDE /* Board+Convenience.swift */ = {isa = PBXFileReference; lastKnownFileType = sourcecode.swift; path = "Board+Convenience.swift"; sourceTree = "<group>"; };
		964BBF0923A48661009B4FDE /* FullStackMovementTests.swift */ = {isa = PBXFileReference; lastKnownFileType = sourcecode.swift; path = FullStackMovementTests.swift; sourceTree = "<group>"; };
		964BBF0B23A48697009B4FDE /* Board+Preconfigured.swift */ = {isa = PBXFileReference; lastKnownFileType = sourcecode.swift; path = "Board+Preconfigured.swift"; sourceTree = "<group>"; };
		964BBF1323A489BF009B4FDE /* LocationTests.swift */ = {isa = PBXFileReference; lastKnownFileType = sourcecode.swift; path = LocationTests.swift; sourceTree = "<group>"; };
		964BBF1523A48A88009B4FDE /* Column+Sample.swift */ = {isa = PBXFileReference; lastKnownFileType = sourcecode.swift; path = "Column+Sample.swift"; sourceTree = "<group>"; };
		964BBF1723A48B0B009B4FDE /* SubstackMovementTests.swift */ = {isa = PBXFileReference; lastKnownFileType = sourcecode.swift; path = SubstackMovementTests.swift; sourceTree = "<group>"; };
		964BBF1923A48B39009B4FDE /* BoardTests.swift */ = {isa = PBXFileReference; lastKnownFileType = sourcecode.swift; path = BoardTests.swift; sourceTree = "<group>"; };
		964BBF1C23A6D9C3009B4FDE /* StackOffsetting.swift */ = {isa = PBXFileReference; lastKnownFileType = sourcecode.swift; path = StackOffsetting.swift; sourceTree = "<group>"; };
		9661BFAD23DE86A300DFC5E9 /* CellInfo.swift */ = {isa = PBXFileReference; lastKnownFileType = sourcecode.swift; path = CellInfo.swift; sourceTree = "<group>"; };
		9661E7AB2380439C00183A99 /* CardStack.swift */ = {isa = PBXFileReference; lastKnownFileType = sourcecode.swift; path = CardStack.swift; sourceTree = "<group>"; };
		9683E0A123F87A5500B6C114 /* Freecell.xcdatamodel */ = {isa = PBXFileReference; lastKnownFileType = wrapper.xcdatamodel; path = Freecell.xcdatamodel; sourceTree = "<group>"; };
		9683E0A323F89D6F00B6C114 /* GameRecord.swift */ = {isa = PBXFileReference; lastKnownFileType = sourcecode.swift; path = GameRecord.swift; sourceTree = "<group>"; };
		968889392389CB83001DD34B /* Result+SuccessVoid.swift */ = {isa = PBXFileReference; lastKnownFileType = sourcecode.swift; path = "Result+SuccessVoid.swift"; sourceTree = "<group>"; };
		9688893B238B679A001DD34B /* Suit+Color.swift */ = {isa = PBXFileReference; lastKnownFileType = sourcecode.swift; path = "Suit+Color.swift"; sourceTree = "<group>"; };
		9689E18823AB0BA4008B960B /* SteppingSubscriber.swift */ = {isa = PBXFileReference; fileEncoding = 4; lastKnownFileType = sourcecode.swift; path = SteppingSubscriber.swift; sourceTree = "<group>"; };
		9689E18923AB0BA4008B960B /* ModulatedPublisher.swift */ = {isa = PBXFileReference; fileEncoding = 4; lastKnownFileType = sourcecode.swift; path = ModulatedPublisher.swift; sourceTree = "<group>"; };
		9689E18C23AB0BBB008B960B /* CustomPublisherTests.swift */ = {isa = PBXFileReference; fileEncoding = 4; lastKnownFileType = sourcecode.swift; path = CustomPublisherTests.swift; sourceTree = "<group>"; };
		96A363F2237CF0FC005C45FB /* Freecell.app */ = {isa = PBXFileReference; explicitFileType = wrapper.application; includeInIndex = 0; path = Freecell.app; sourceTree = BUILT_PRODUCTS_DIR; };
		96A363F5237CF0FC005C45FB /* AppDelegate.swift */ = {isa = PBXFileReference; lastKnownFileType = sourcecode.swift; path = AppDelegate.swift; sourceTree = "<group>"; };
		96A363F7237CF0FC005C45FB /* SceneDelegate.swift */ = {isa = PBXFileReference; lastKnownFileType = sourcecode.swift; path = SceneDelegate.swift; sourceTree = "<group>"; };
		96A363F9237CF0FC005C45FB /* GameView.swift */ = {isa = PBXFileReference; lastKnownFileType = sourcecode.swift; path = GameView.swift; sourceTree = "<group>"; };
		96A363FB237CF0FD005C45FB /* Assets.xcassets */ = {isa = PBXFileReference; lastKnownFileType = folder.assetcatalog; path = Assets.xcassets; sourceTree = "<group>"; };
		96A363FE237CF0FD005C45FB /* Preview Assets.xcassets */ = {isa = PBXFileReference; lastKnownFileType = folder.assetcatalog; path = "Preview Assets.xcassets"; sourceTree = "<group>"; };
		96A36401237CF0FD005C45FB /* Base */ = {isa = PBXFileReference; lastKnownFileType = file.storyboard; name = Base; path = Base.lproj/LaunchScreen.storyboard; sourceTree = "<group>"; };
		96A36403237CF0FD005C45FB /* Info.plist */ = {isa = PBXFileReference; lastKnownFileType = text.plist.xml; path = Info.plist; sourceTree = "<group>"; };
		96A36408237CF0FD005C45FB /* FreecellTests.xctest */ = {isa = PBXFileReference; explicitFileType = wrapper.cfbundle; includeInIndex = 0; path = FreecellTests.xctest; sourceTree = BUILT_PRODUCTS_DIR; };
		96A3640C237CF0FD005C45FB /* FreecellTests.swift */ = {isa = PBXFileReference; lastKnownFileType = sourcecode.swift; path = FreecellTests.swift; sourceTree = "<group>"; };
		96A3640E237CF0FD005C45FB /* Info.plist */ = {isa = PBXFileReference; lastKnownFileType = text.plist.xml; path = Info.plist; sourceTree = "<group>"; };
		96A36413237CF0FD005C45FB /* FreecellUITests.xctest */ = {isa = PBXFileReference; explicitFileType = wrapper.cfbundle; includeInIndex = 0; path = FreecellUITests.xctest; sourceTree = BUILT_PRODUCTS_DIR; };
		96A36417237CF0FD005C45FB /* FreecellUITests.swift */ = {isa = PBXFileReference; lastKnownFileType = sourcecode.swift; path = FreecellUITests.swift; sourceTree = "<group>"; };
		96A36419237CF0FD005C45FB /* Info.plist */ = {isa = PBXFileReference; lastKnownFileType = text.plist.xml; path = Info.plist; sourceTree = "<group>"; };
		96A3642A237CF138005C45FB /* DeckKit.framework */ = {isa = PBXFileReference; explicitFileType = wrapper.framework; includeInIndex = 0; path = DeckKit.framework; sourceTree = BUILT_PRODUCTS_DIR; };
		96A3642C237CF138005C45FB /* DeckKit.h */ = {isa = PBXFileReference; lastKnownFileType = sourcecode.c.h; path = DeckKit.h; sourceTree = "<group>"; };
		96A3642D237CF138005C45FB /* Info.plist */ = {isa = PBXFileReference; lastKnownFileType = text.plist.xml; path = Info.plist; sourceTree = "<group>"; };
		96A36432237CF138005C45FB /* DeckKitTests.xctest */ = {isa = PBXFileReference; explicitFileType = wrapper.cfbundle; includeInIndex = 0; path = DeckKitTests.xctest; sourceTree = BUILT_PRODUCTS_DIR; };
		96A36439237CF138005C45FB /* DeckKitTests.swift */ = {isa = PBXFileReference; lastKnownFileType = sourcecode.swift; path = DeckKitTests.swift; sourceTree = "<group>"; };
		96A3643B237CF138005C45FB /* Info.plist */ = {isa = PBXFileReference; lastKnownFileType = text.plist.xml; path = Info.plist; sourceTree = "<group>"; };
		96A36448237CF141005C45FB /* Suit.swift */ = {isa = PBXFileReference; lastKnownFileType = sourcecode.swift; path = Suit.swift; sourceTree = "<group>"; };
		96A3644A237CF157005C45FB /* Card.swift */ = {isa = PBXFileReference; lastKnownFileType = sourcecode.swift; path = Card.swift; sourceTree = "<group>"; };
		96A3644E237CF18B005C45FB /* Deck.swift */ = {isa = PBXFileReference; lastKnownFileType = sourcecode.swift; path = Deck.swift; sourceTree = "<group>"; };
		96A36450237CF475005C45FB /* Rank.swift */ = {isa = PBXFileReference; lastKnownFileType = sourcecode.swift; path = Rank.swift; sourceTree = "<group>"; };
		96A36452237CF490005C45FB /* Rank+FreecellValue.swift */ = {isa = PBXFileReference; lastKnownFileType = sourcecode.swift; path = "Rank+FreecellValue.swift"; sourceTree = "<group>"; };
		96A36459237E33BF005C45FB /* FreecellKit.framework */ = {isa = PBXFileReference; explicitFileType = wrapper.framework; includeInIndex = 0; path = FreecellKit.framework; sourceTree = BUILT_PRODUCTS_DIR; };
		96A3645B237E33BF005C45FB /* FreecellKit.h */ = {isa = PBXFileReference; lastKnownFileType = sourcecode.c.h; path = FreecellKit.h; sourceTree = "<group>"; };
		96A3645C237E33BF005C45FB /* Info.plist */ = {isa = PBXFileReference; lastKnownFileType = text.plist.xml; path = Info.plist; sourceTree = "<group>"; };
		96A36461237E33C0005C45FB /* FreecellKitTests.xctest */ = {isa = PBXFileReference; explicitFileType = wrapper.cfbundle; includeInIndex = 0; path = FreecellKitTests.xctest; sourceTree = BUILT_PRODUCTS_DIR; };
		96A36468237E33C0005C45FB /* FreecellKitTests.swift */ = {isa = PBXFileReference; lastKnownFileType = sourcecode.swift; path = FreecellKitTests.swift; sourceTree = "<group>"; };
		96A3646A237E33C0005C45FB /* Info.plist */ = {isa = PBXFileReference; lastKnownFileType = text.plist.xml; path = Info.plist; sourceTree = "<group>"; };
		96A36476237E33D3005C45FB /* Board.swift */ = {isa = PBXFileReference; lastKnownFileType = sourcecode.swift; path = Board.swift; sourceTree = "<group>"; };
		96A36478237E3408005C45FB /* Stack.swift */ = {isa = PBXFileReference; lastKnownFileType = sourcecode.swift; path = Stack.swift; sourceTree = "<group>"; };
		96A36481237E384C005C45FB /* Column.swift */ = {isa = PBXFileReference; lastKnownFileType = sourcecode.swift; path = Column.swift; sourceTree = "<group>"; };
		96A36483237E3851005C45FB /* FreeCell.swift */ = {isa = PBXFileReference; lastKnownFileType = sourcecode.swift; path = FreeCell.swift; sourceTree = "<group>"; };
		96A36485237E385B005C45FB /* Foundation.swift */ = {isa = PBXFileReference; lastKnownFileType = sourcecode.swift; path = Foundation.swift; sourceTree = "<group>"; };
		96A36487237E3894005C45FB /* FreecellError.swift */ = {isa = PBXFileReference; lastKnownFileType = sourcecode.swift; path = FreecellError.swift; sourceTree = "<group>"; };
		96A36489237F51BA005C45FB /* Convenience.swift */ = {isa = PBXFileReference; lastKnownFileType = sourcecode.swift; path = Convenience.swift; sourceTree = "<group>"; };
		96A7223B2401814C004F7F47 /* EmojiBombAnimator.swift */ = {isa = PBXFileReference; fileEncoding = 4; lastKnownFileType = sourcecode.swift; path = EmojiBombAnimator.swift; sourceTree = "<group>"; };
		96A7223D240181DB004F7F47 /* EmojiBombView.swift */ = {isa = PBXFileReference; lastKnownFileType = sourcecode.swift; path = EmojiBombView.swift; sourceTree = "<group>"; };
		96CA9ACF238CC4F000C34A60 /* Card+Id.swift */ = {isa = PBXFileReference; lastKnownFileType = sourcecode.swift; path = "Card+Id.swift"; sourceTree = "<group>"; };
		96CA9AD5238F0E4900C34A60 /* Freecell.app */ = {isa = PBXFileReference; explicitFileType = wrapper.application; includeInIndex = 0; path = Freecell.app; sourceTree = BUILT_PRODUCTS_DIR; };
		96CA9AD7238F0E4900C34A60 /* AppDelegate.swift */ = {isa = PBXFileReference; lastKnownFileType = sourcecode.swift; path = AppDelegate.swift; sourceTree = "<group>"; };
		96CA9AD9238F0E4900C34A60 /* GameView.swift */ = {isa = PBXFileReference; lastKnownFileType = sourcecode.swift; path = GameView.swift; sourceTree = "<group>"; };
		96CA9ADB238F0E4B00C34A60 /* Assets.xcassets */ = {isa = PBXFileReference; lastKnownFileType = folder.assetcatalog; path = Assets.xcassets; sourceTree = "<group>"; };
		96CA9ADE238F0E4B00C34A60 /* Preview Assets.xcassets */ = {isa = PBXFileReference; lastKnownFileType = folder.assetcatalog; path = "Preview Assets.xcassets"; sourceTree = "<group>"; };
		96CA9AE1238F0E4B00C34A60 /* Base */ = {isa = PBXFileReference; lastKnownFileType = file.storyboard; name = Base; path = Base.lproj/Main.storyboard; sourceTree = "<group>"; };
		96CA9AE3238F0E4B00C34A60 /* Info.plist */ = {isa = PBXFileReference; lastKnownFileType = text.plist.xml; path = Info.plist; sourceTree = "<group>"; };
		96CA9AE4238F0E4B00C34A60 /* Freecell_Mac.entitlements */ = {isa = PBXFileReference; lastKnownFileType = text.plist.entitlements; path = Freecell_Mac.entitlements; sourceTree = "<group>"; };
		96CA9AE9238F0E4B00C34A60 /* Freecell-MacTests.xctest */ = {isa = PBXFileReference; explicitFileType = wrapper.cfbundle; includeInIndex = 0; path = "Freecell-MacTests.xctest"; sourceTree = BUILT_PRODUCTS_DIR; };
		96CA9AED238F0E4B00C34A60 /* Freecell_MacTests.swift */ = {isa = PBXFileReference; lastKnownFileType = sourcecode.swift; path = Freecell_MacTests.swift; sourceTree = "<group>"; };
		96CA9AEF238F0E4B00C34A60 /* Info.plist */ = {isa = PBXFileReference; lastKnownFileType = text.plist.xml; path = Info.plist; sourceTree = "<group>"; };
		96CA9AF4238F0E4B00C34A60 /* Freecell-MacUITests.xctest */ = {isa = PBXFileReference; explicitFileType = wrapper.cfbundle; includeInIndex = 0; path = "Freecell-MacUITests.xctest"; sourceTree = BUILT_PRODUCTS_DIR; };
		96CA9AF8238F0E4B00C34A60 /* Freecell_MacUITests.swift */ = {isa = PBXFileReference; lastKnownFileType = sourcecode.swift; path = Freecell_MacUITests.swift; sourceTree = "<group>"; };
		96CA9AFA238F0E4B00C34A60 /* Info.plist */ = {isa = PBXFileReference; lastKnownFileType = text.plist.xml; path = Info.plist; sourceTree = "<group>"; };
		96CA9B0D239300C300C34A60 /* BoardViewDriver.swift */ = {isa = PBXFileReference; lastKnownFileType = sourcecode.swift; path = BoardViewDriver.swift; sourceTree = "<group>"; };
		96E188B823BBF301008129AF /* StatusBarHidingFirstResponderHostingController.swift */ = {isa = PBXFileReference; lastKnownFileType = sourcecode.swift; path = StatusBarHidingFirstResponderHostingController.swift; sourceTree = "<group>"; };
/* End PBXFileReference section */

/* Begin PBXFrameworksBuildPhase section */
		96A363EF237CF0FC005C45FB /* Frameworks */ = {
			isa = PBXFrameworksBuildPhase;
			buildActionMask = 2147483647;
			files = (
				96A3643F237CF138005C45FB /* DeckKit.framework in Frameworks */,
				96A3646E237E33C0005C45FB /* FreecellKit.framework in Frameworks */,
			);
			runOnlyForDeploymentPostprocessing = 0;
		};
		96A36405237CF0FD005C45FB /* Frameworks */ = {
			isa = PBXFrameworksBuildPhase;
			buildActionMask = 2147483647;
			files = (
			);
			runOnlyForDeploymentPostprocessing = 0;
		};
		96A36410237CF0FD005C45FB /* Frameworks */ = {
			isa = PBXFrameworksBuildPhase;
			buildActionMask = 2147483647;
			files = (
			);
			runOnlyForDeploymentPostprocessing = 0;
		};
		96A36427237CF138005C45FB /* Frameworks */ = {
			isa = PBXFrameworksBuildPhase;
			buildActionMask = 2147483647;
			files = (
			);
			runOnlyForDeploymentPostprocessing = 0;
		};
		96A3642F237CF138005C45FB /* Frameworks */ = {
			isa = PBXFrameworksBuildPhase;
			buildActionMask = 2147483647;
			files = (
				96A36433237CF138005C45FB /* DeckKit.framework in Frameworks */,
			);
			runOnlyForDeploymentPostprocessing = 0;
		};
		96A36456237E33BF005C45FB /* Frameworks */ = {
			isa = PBXFrameworksBuildPhase;
			buildActionMask = 2147483647;
			files = (
				96416DE923FA2FC4000197E0 /* CoreDataStackManager in Frameworks */,
				96A3647B237E367A005C45FB /* DeckKit.framework in Frameworks */,
			);
			runOnlyForDeploymentPostprocessing = 0;
		};
		96A3645E237E33C0005C45FB /* Frameworks */ = {
			isa = PBXFrameworksBuildPhase;
			buildActionMask = 2147483647;
			files = (
				96A36462237E33C0005C45FB /* FreecellKit.framework in Frameworks */,
			);
			runOnlyForDeploymentPostprocessing = 0;
		};
		96CA9AD2238F0E4900C34A60 /* Frameworks */ = {
			isa = PBXFrameworksBuildPhase;
			buildActionMask = 2147483647;
			files = (
				96CA9B04238F0E5600C34A60 /* DeckKit.framework in Frameworks */,
				96CA9B09238F0E5C00C34A60 /* FreecellKit.framework in Frameworks */,
			);
			runOnlyForDeploymentPostprocessing = 0;
		};
		96CA9AE6238F0E4B00C34A60 /* Frameworks */ = {
			isa = PBXFrameworksBuildPhase;
			buildActionMask = 2147483647;
			files = (
			);
			runOnlyForDeploymentPostprocessing = 0;
		};
		96CA9AF1238F0E4B00C34A60 /* Frameworks */ = {
			isa = PBXFrameworksBuildPhase;
			buildActionMask = 2147483647;
			files = (
			);
			runOnlyForDeploymentPostprocessing = 0;
		};
/* End PBXFrameworksBuildPhase section */

/* Begin PBXGroup section */
		962295F623889359005D599B /* Utility */ = {
			isa = PBXGroup;
			children = (
				96D5BBFE2401877B00550326 /* Emoji Bomb */,
				9689E18723AB0B8F008B960B /* Publisher */,
				96A36452237CF490005C45FB /* Rank+FreecellValue.swift */,
				96CA9ACF238CC4F000C34A60 /* Card+Id.swift */,
				962295F72388936C005D599B /* CardTapHandler.swift */,
				964BBF1C23A6D9C3009B4FDE /* StackOffsetting.swift */,
				968889392389CB83001DD34B /* Result+SuccessVoid.swift */,
				9688893B238B679A001DD34B /* Suit+Color.swift */,
				964BBF0723A4861C009B4FDE /* Board+Convenience.swift */,
				9627FECF23AB19CF00F8F63B /* CustomDebugStrings.swift */,
				9661BFAD23DE86A300DFC5E9 /* CellInfo.swift */,
				9613244F23E12A0600982898 /* CGRect+Center.swift */,
				9613245123E23D4000982898 /* CGPoint+Translation.swift */,
			);
			path = Utility;
			sourceTree = "<group>";
		};
		962562862381D824003C09AA /* Views */ = {
			isa = PBXGroup;
			children = (
				964BBF0523A47B96009B4FDE /* BackgroundColorView.swift */,
				962295F123884563005D599B /* CardRectangle.swift */,
				962562902381DEEB003C09AA /* EmptySpotView.swift */,
				962562882381D846003C09AA /* CardView.swift */,
				9616A1D623FB7176007CABA1 /* ControlsView.swift */,
				9625628A2381D84C003C09AA /* FreeCellView.swift */,
				9625628C2381D853003C09AA /* FoundationView.swift */,
				9625628E2381D857003C09AA /* ColumnView.swift */,
				962295F323887623005D599B /* BoardView.swift */,
			);
			path = Views;
			sourceTree = "<group>";
		};
		962562872381D828003C09AA /* Model */ = {
			isa = PBXGroup;
			children = (
				96A36478237E3408005C45FB /* Stack.swift */,
				9622959923835A7B005D599B /* Cell.swift */,
				9661E7AB2380439C00183A99 /* CardStack.swift */,
				96A36483237E3851005C45FB /* FreeCell.swift */,
				96A36485237E385B005C45FB /* Foundation.swift */,
				96A36481237E384C005C45FB /* Column.swift */,
				96A36476237E33D3005C45FB /* Board.swift */,
				96CA9B0D239300C300C34A60 /* BoardViewDriver.swift */,
			);
			path = Model;
			sourceTree = "<group>";
		};
		964BBF1B23A48B97009B4FDE /* Utility */ = {
			isa = PBXGroup;
			children = (
				964BBF0B23A48697009B4FDE /* Board+Preconfigured.swift */,
				964BBF1523A48A88009B4FDE /* Column+Sample.swift */,
			);
			path = Utility;
			sourceTree = "<group>";
		};
		9683E09F23F87A4000B6C114 /* Core Data */ = {
			isa = PBXGroup;
			children = (
				9683E0A023F87A5500B6C114 /* Freecell.xcdatamodeld */,
				9683E0A323F89D6F00B6C114 /* GameRecord.swift */,
			);
			path = "Core Data";
			sourceTree = "<group>";
		};
		9689E18723AB0B8F008B960B /* Publisher */ = {
			isa = PBXGroup;
			children = (
				9689E18923AB0BA4008B960B /* ModulatedPublisher.swift */,
				9689E18823AB0BA4008B960B /* SteppingSubscriber.swift */,
				961AC2A723E374AC003341B0 /* Notification+Freecell.swift */,
				961AC2A923E4B661003341B0 /* MoveEvent.swift */,
			);
			path = Publisher;
			sourceTree = "<group>";
		};
		96A363E9237CF0FC005C45FB = {
			isa = PBXGroup;
			children = (
				96A363F4237CF0FC005C45FB /* Freecell */,
				96A3640B237CF0FD005C45FB /* FreecellTests */,
				96A36416237CF0FD005C45FB /* FreecellUITests */,
				96A3645A237E33BF005C45FB /* FreecellKit */,
				96A36467237E33C0005C45FB /* FreecellKitTests */,
				96A3642B237CF138005C45FB /* DeckKit */,
				96A36438237CF138005C45FB /* DeckKitTests */,
				96CA9AD6238F0E4900C34A60 /* Freecell-Mac */,
				96CA9AEC238F0E4B00C34A60 /* Freecell-MacTests */,
				96CA9AF7238F0E4B00C34A60 /* Freecell-MacUITests */,
				96A363F3237CF0FC005C45FB /* Products */,
				96A3647A237E367A005C45FB /* Frameworks */,
			);
			sourceTree = "<group>";
		};
		96A363F3237CF0FC005C45FB /* Products */ = {
			isa = PBXGroup;
			children = (
				96A363F2237CF0FC005C45FB /* Freecell.app */,
				96A36408237CF0FD005C45FB /* FreecellTests.xctest */,
				96A36413237CF0FD005C45FB /* FreecellUITests.xctest */,
				96A3642A237CF138005C45FB /* DeckKit.framework */,
				96A36432237CF138005C45FB /* DeckKitTests.xctest */,
				96A36459237E33BF005C45FB /* FreecellKit.framework */,
				96A36461237E33C0005C45FB /* FreecellKitTests.xctest */,
				96CA9AD5238F0E4900C34A60 /* Freecell.app */,
				96CA9AE9238F0E4B00C34A60 /* Freecell-MacTests.xctest */,
				96CA9AF4238F0E4B00C34A60 /* Freecell-MacUITests.xctest */,
			);
			name = Products;
			sourceTree = "<group>";
		};
		96A363F4237CF0FC005C45FB /* Freecell */ = {
			isa = PBXGroup;
			children = (
				96416DC623F9CAEF000197E0 /* Freecell.entitlements */,
				96A363F5237CF0FC005C45FB /* AppDelegate.swift */,
				96A363F7237CF0FC005C45FB /* SceneDelegate.swift */,
				96E188B823BBF301008129AF /* StatusBarHidingFirstResponderHostingController.swift */,
				96A363F9237CF0FC005C45FB /* GameView.swift */,
				96A363FB237CF0FD005C45FB /* Assets.xcassets */,
				96A36400237CF0FD005C45FB /* LaunchScreen.storyboard */,
				96A36403237CF0FD005C45FB /* Info.plist */,
				96A363FD237CF0FD005C45FB /* Preview Content */,
			);
			path = Freecell;
			sourceTree = "<group>";
		};
		96A363FD237CF0FD005C45FB /* Preview Content */ = {
			isa = PBXGroup;
			children = (
				96A363FE237CF0FD005C45FB /* Preview Assets.xcassets */,
			);
			path = "Preview Content";
			sourceTree = "<group>";
		};
		96A3640B237CF0FD005C45FB /* FreecellTests */ = {
			isa = PBXGroup;
			children = (
				96A3640C237CF0FD005C45FB /* FreecellTests.swift */,
				96A3640E237CF0FD005C45FB /* Info.plist */,
			);
			path = FreecellTests;
			sourceTree = "<group>";
		};
		96A36416237CF0FD005C45FB /* FreecellUITests */ = {
			isa = PBXGroup;
			children = (
				96A36417237CF0FD005C45FB /* FreecellUITests.swift */,
				96A36419237CF0FD005C45FB /* Info.plist */,
			);
			path = FreecellUITests;
			sourceTree = "<group>";
		};
		96A3642B237CF138005C45FB /* DeckKit */ = {
			isa = PBXGroup;
			children = (
				96A3642C237CF138005C45FB /* DeckKit.h */,
				96A3642D237CF138005C45FB /* Info.plist */,
				96A36448237CF141005C45FB /* Suit.swift */,
				96A36450237CF475005C45FB /* Rank.swift */,
				96A3644A237CF157005C45FB /* Card.swift */,
				96A3644E237CF18B005C45FB /* Deck.swift */,
				96A36489237F51BA005C45FB /* Convenience.swift */,
			);
			path = DeckKit;
			sourceTree = "<group>";
		};
		96A36438237CF138005C45FB /* DeckKitTests */ = {
			isa = PBXGroup;
			children = (
				96A36439237CF138005C45FB /* DeckKitTests.swift */,
				96A3643B237CF138005C45FB /* Info.plist */,
			);
			path = DeckKitTests;
			sourceTree = "<group>";
		};
		96A3645A237E33BF005C45FB /* FreecellKit */ = {
			isa = PBXGroup;
			children = (
				9683E09F23F87A4000B6C114 /* Core Data */,
				96A3645B237E33BF005C45FB /* FreecellKit.h */,
				96A3645C237E33BF005C45FB /* Info.plist */,
				96A36487237E3894005C45FB /* FreecellError.swift */,
				962562872381D828003C09AA /* Model */,
				962562862381D824003C09AA /* Views */,
				962295F623889359005D599B /* Utility */,
			);
			path = FreecellKit;
			sourceTree = "<group>";
		};
		96A36467237E33C0005C45FB /* FreecellKitTests */ = {
			isa = PBXGroup;
			children = (
				96A36468237E33C0005C45FB /* FreecellKitTests.swift */,
				964BBF1323A489BF009B4FDE /* LocationTests.swift */,
				964BBF1923A48B39009B4FDE /* BoardTests.swift */,
				964BBF0923A48661009B4FDE /* FullStackMovementTests.swift */,
				964BBF1723A48B0B009B4FDE /* SubstackMovementTests.swift */,
				9689E18C23AB0BBB008B960B /* CustomPublisherTests.swift */,
				964BBF1B23A48B97009B4FDE /* Utility */,
				96A3646A237E33C0005C45FB /* Info.plist */,
			);
			path = FreecellKitTests;
			sourceTree = "<group>";
		};
		96A3647A237E367A005C45FB /* Frameworks */ = {
			isa = PBXGroup;
			children = (
			);
			name = Frameworks;
			sourceTree = "<group>";
		};
		96CA9AD6238F0E4900C34A60 /* Freecell-Mac */ = {
			isa = PBXGroup;
			children = (
				96CA9AD7238F0E4900C34A60 /* AppDelegate.swift */,
				96CA9AD9238F0E4900C34A60 /* GameView.swift */,
				96CA9ADB238F0E4B00C34A60 /* Assets.xcassets */,
				96CA9AE0238F0E4B00C34A60 /* Main.storyboard */,
				96CA9AE3238F0E4B00C34A60 /* Info.plist */,
				96CA9AE4238F0E4B00C34A60 /* Freecell_Mac.entitlements */,
				96CA9ADD238F0E4B00C34A60 /* Preview Content */,
			);
			path = "Freecell-Mac";
			sourceTree = "<group>";
		};
		96CA9ADD238F0E4B00C34A60 /* Preview Content */ = {
			isa = PBXGroup;
			children = (
				96CA9ADE238F0E4B00C34A60 /* Preview Assets.xcassets */,
			);
			path = "Preview Content";
			sourceTree = "<group>";
		};
		96CA9AEC238F0E4B00C34A60 /* Freecell-MacTests */ = {
			isa = PBXGroup;
			children = (
				96CA9AED238F0E4B00C34A60 /* Freecell_MacTests.swift */,
				96CA9AEF238F0E4B00C34A60 /* Info.plist */,
			);
			path = "Freecell-MacTests";
			sourceTree = "<group>";
		};
		96CA9AF7238F0E4B00C34A60 /* Freecell-MacUITests */ = {
			isa = PBXGroup;
			children = (
				96CA9AF8238F0E4B00C34A60 /* Freecell_MacUITests.swift */,
				96CA9AFA238F0E4B00C34A60 /* Info.plist */,
			);
			path = "Freecell-MacUITests";
			sourceTree = "<group>";
		};
		96D5BBFE2401877B00550326 /* Emoji Bomb */ = {
			isa = PBXGroup;
			children = (
				96A7223B2401814C004F7F47 /* EmojiBombAnimator.swift */,
				96A7223D240181DB004F7F47 /* EmojiBombView.swift */,
			);
			path = "Emoji Bomb";
			sourceTree = "<group>";
		};
/* End PBXGroup section */

/* Begin PBXHeadersBuildPhase section */
		96A36425237CF138005C45FB /* Headers */ = {
			isa = PBXHeadersBuildPhase;
			buildActionMask = 2147483647;
			files = (
				96A3643C237CF138005C45FB /* DeckKit.h in Headers */,
			);
			runOnlyForDeploymentPostprocessing = 0;
		};
		96A36454237E33BF005C45FB /* Headers */ = {
			isa = PBXHeadersBuildPhase;
			buildActionMask = 2147483647;
			files = (
				96A3646B237E33C0005C45FB /* FreecellKit.h in Headers */,
			);
			runOnlyForDeploymentPostprocessing = 0;
		};
/* End PBXHeadersBuildPhase section */

/* Begin PBXNativeTarget section */
		96A363F1237CF0FC005C45FB /* Freecell */ = {
			isa = PBXNativeTarget;
			buildConfigurationList = 96A3641C237CF0FD005C45FB /* Build configuration list for PBXNativeTarget "Freecell" */;
			buildPhases = (
				96A363EE237CF0FC005C45FB /* Sources */,
				96A363EF237CF0FC005C45FB /* Frameworks */,
				96A363F0237CF0FC005C45FB /* Resources */,
				96A36444237CF138005C45FB /* Embed Frameworks */,
			);
			buildRules = (
			);
			dependencies = (
				96A3643E237CF138005C45FB /* PBXTargetDependency */,
				96A3646D237E33C0005C45FB /* PBXTargetDependency */,
			);
			name = Freecell;
			productName = Freecell;
			productReference = 96A363F2237CF0FC005C45FB /* Freecell.app */;
			productType = "com.apple.product-type.application";
		};
		96A36407237CF0FD005C45FB /* FreecellTests */ = {
			isa = PBXNativeTarget;
			buildConfigurationList = 96A3641F237CF0FD005C45FB /* Build configuration list for PBXNativeTarget "FreecellTests" */;
			buildPhases = (
				96A36404237CF0FD005C45FB /* Sources */,
				96A36405237CF0FD005C45FB /* Frameworks */,
				96A36406237CF0FD005C45FB /* Resources */,
			);
			buildRules = (
			);
			dependencies = (
				96A3640A237CF0FD005C45FB /* PBXTargetDependency */,
			);
			name = FreecellTests;
			productName = FreecellTests;
			productReference = 96A36408237CF0FD005C45FB /* FreecellTests.xctest */;
			productType = "com.apple.product-type.bundle.unit-test";
		};
		96A36412237CF0FD005C45FB /* FreecellUITests */ = {
			isa = PBXNativeTarget;
			buildConfigurationList = 96A36422237CF0FD005C45FB /* Build configuration list for PBXNativeTarget "FreecellUITests" */;
			buildPhases = (
				96A3640F237CF0FD005C45FB /* Sources */,
				96A36410237CF0FD005C45FB /* Frameworks */,
				96A36411237CF0FD005C45FB /* Resources */,
			);
			buildRules = (
			);
			dependencies = (
				96A36415237CF0FD005C45FB /* PBXTargetDependency */,
			);
			name = FreecellUITests;
			productName = FreecellUITests;
			productReference = 96A36413237CF0FD005C45FB /* FreecellUITests.xctest */;
			productType = "com.apple.product-type.bundle.ui-testing";
		};
		96A36429237CF138005C45FB /* DeckKit */ = {
			isa = PBXNativeTarget;
			buildConfigurationList = 96A36441237CF138005C45FB /* Build configuration list for PBXNativeTarget "DeckKit" */;
			buildPhases = (
				96A36425237CF138005C45FB /* Headers */,
				96A36426237CF138005C45FB /* Sources */,
				96A36427237CF138005C45FB /* Frameworks */,
				96A36428237CF138005C45FB /* Resources */,
			);
			buildRules = (
			);
			dependencies = (
			);
			name = DeckKit;
			productName = CardKit;
			productReference = 96A3642A237CF138005C45FB /* DeckKit.framework */;
			productType = "com.apple.product-type.framework";
		};
		96A36431237CF138005C45FB /* DeckKitTests */ = {
			isa = PBXNativeTarget;
			buildConfigurationList = 96A36445237CF138005C45FB /* Build configuration list for PBXNativeTarget "DeckKitTests" */;
			buildPhases = (
				96A3642E237CF138005C45FB /* Sources */,
				96A3642F237CF138005C45FB /* Frameworks */,
				96A36430237CF138005C45FB /* Resources */,
			);
			buildRules = (
			);
			dependencies = (
				96A36435237CF138005C45FB /* PBXTargetDependency */,
				96A36437237CF138005C45FB /* PBXTargetDependency */,
			);
			name = DeckKitTests;
			productName = CardKitTests;
			productReference = 96A36432237CF138005C45FB /* DeckKitTests.xctest */;
			productType = "com.apple.product-type.bundle.unit-test";
		};
		96A36458237E33BF005C45FB /* FreecellKit */ = {
			isa = PBXNativeTarget;
			buildConfigurationList = 96A36470237E33C0005C45FB /* Build configuration list for PBXNativeTarget "FreecellKit" */;
			buildPhases = (
				96A36454237E33BF005C45FB /* Headers */,
				96A36455237E33BF005C45FB /* Sources */,
				96A36456237E33BF005C45FB /* Frameworks */,
				96A36457237E33BF005C45FB /* Resources */,
				96A3647F237E367A005C45FB /* Embed Frameworks */,
			);
			buildRules = (
			);
			dependencies = (
				96A3647E237E367A005C45FB /* PBXTargetDependency */,
			);
			name = FreecellKit;
			packageProductDependencies = (
				96416DE823FA2FC4000197E0 /* CoreDataStackManager */,
			);
			productName = FreecellKit;
			productReference = 96A36459237E33BF005C45FB /* FreecellKit.framework */;
			productType = "com.apple.product-type.framework";
		};
		96A36460237E33C0005C45FB /* FreecellKitTests */ = {
			isa = PBXNativeTarget;
			buildConfigurationList = 96A36473237E33C0005C45FB /* Build configuration list for PBXNativeTarget "FreecellKitTests" */;
			buildPhases = (
				96A3645D237E33C0005C45FB /* Sources */,
				96A3645E237E33C0005C45FB /* Frameworks */,
				96A3645F237E33C0005C45FB /* Resources */,
			);
			buildRules = (
			);
			dependencies = (
				96A36464237E33C0005C45FB /* PBXTargetDependency */,
				96A36466237E33C0005C45FB /* PBXTargetDependency */,
			);
			name = FreecellKitTests;
			productName = FreecellKitTests;
			productReference = 96A36461237E33C0005C45FB /* FreecellKitTests.xctest */;
			productType = "com.apple.product-type.bundle.unit-test";
		};
		96CA9AD4238F0E4900C34A60 /* Freecell-Mac */ = {
			isa = PBXNativeTarget;
			buildConfigurationList = 96CA9AFB238F0E4B00C34A60 /* Build configuration list for PBXNativeTarget "Freecell-Mac" */;
			buildPhases = (
				96CA9AD1238F0E4900C34A60 /* Sources */,
				96CA9AD2238F0E4900C34A60 /* Frameworks */,
				96CA9AD3238F0E4900C34A60 /* Resources */,
				96CA9B08238F0E5700C34A60 /* Embed Frameworks */,
			);
			buildRules = (
			);
			dependencies = (
				96CA9B07238F0E5600C34A60 /* PBXTargetDependency */,
				96CA9B0C238F0E5C00C34A60 /* PBXTargetDependency */,
			);
			name = "Freecell-Mac";
			productName = "Freecell-Mac";
			productReference = 96CA9AD5238F0E4900C34A60 /* Freecell.app */;
			productType = "com.apple.product-type.application";
		};
		96CA9AE8238F0E4B00C34A60 /* Freecell-MacTests */ = {
			isa = PBXNativeTarget;
			buildConfigurationList = 96CA9AFE238F0E4B00C34A60 /* Build configuration list for PBXNativeTarget "Freecell-MacTests" */;
			buildPhases = (
				96CA9AE5238F0E4B00C34A60 /* Sources */,
				96CA9AE6238F0E4B00C34A60 /* Frameworks */,
				96CA9AE7238F0E4B00C34A60 /* Resources */,
			);
			buildRules = (
			);
			dependencies = (
				96CA9AEB238F0E4B00C34A60 /* PBXTargetDependency */,
			);
			name = "Freecell-MacTests";
			productName = "Freecell-MacTests";
			productReference = 96CA9AE9238F0E4B00C34A60 /* Freecell-MacTests.xctest */;
			productType = "com.apple.product-type.bundle.unit-test";
		};
		96CA9AF3238F0E4B00C34A60 /* Freecell-MacUITests */ = {
			isa = PBXNativeTarget;
			buildConfigurationList = 96CA9B01238F0E4B00C34A60 /* Build configuration list for PBXNativeTarget "Freecell-MacUITests" */;
			buildPhases = (
				96CA9AF0238F0E4B00C34A60 /* Sources */,
				96CA9AF1238F0E4B00C34A60 /* Frameworks */,
				96CA9AF2238F0E4B00C34A60 /* Resources */,
			);
			buildRules = (
			);
			dependencies = (
				96CA9AF6238F0E4B00C34A60 /* PBXTargetDependency */,
			);
			name = "Freecell-MacUITests";
			productName = "Freecell-MacUITests";
			productReference = 96CA9AF4238F0E4B00C34A60 /* Freecell-MacUITests.xctest */;
			productType = "com.apple.product-type.bundle.ui-testing";
		};
/* End PBXNativeTarget section */

/* Begin PBXProject section */
		96A363EA237CF0FC005C45FB /* Project object */ = {
			isa = PBXProject;
			attributes = {
				LastSwiftUpdateCheck = 1120;
				LastUpgradeCheck = 1120;
				ORGANIZATIONNAME = "Jason Ji";
				TargetAttributes = {
					96A363F1237CF0FC005C45FB = {
						CreatedOnToolsVersion = 11.2;
					};
					96A36407237CF0FD005C45FB = {
						CreatedOnToolsVersion = 11.2;
						TestTargetID = 96A363F1237CF0FC005C45FB;
					};
					96A36412237CF0FD005C45FB = {
						CreatedOnToolsVersion = 11.2;
						TestTargetID = 96A363F1237CF0FC005C45FB;
					};
					96A36429237CF138005C45FB = {
						CreatedOnToolsVersion = 11.2;
						LastSwiftMigration = 1120;
					};
					96A36431237CF138005C45FB = {
						CreatedOnToolsVersion = 11.2;
						TestTargetID = 96A363F1237CF0FC005C45FB;
					};
					96A36458237E33BF005C45FB = {
						CreatedOnToolsVersion = 11.2;
						LastSwiftMigration = 1120;
					};
					96A36460237E33C0005C45FB = {
						CreatedOnToolsVersion = 11.2;
						TestTargetID = 96A363F1237CF0FC005C45FB;
					};
					96CA9AD4238F0E4900C34A60 = {
						CreatedOnToolsVersion = 11.2.1;
					};
					96CA9AE8238F0E4B00C34A60 = {
						CreatedOnToolsVersion = 11.2.1;
						TestTargetID = 96CA9AD4238F0E4900C34A60;
					};
					96CA9AF3238F0E4B00C34A60 = {
						CreatedOnToolsVersion = 11.2.1;
						TestTargetID = 96CA9AD4238F0E4900C34A60;
					};
				};
			};
			buildConfigurationList = 96A363ED237CF0FC005C45FB /* Build configuration list for PBXProject "Freecell" */;
			compatibilityVersion = "Xcode 9.3";
			developmentRegion = en;
			hasScannedForEncodings = 0;
			knownRegions = (
				en,
				Base,
			);
			mainGroup = 96A363E9237CF0FC005C45FB;
			packageReferences = (
				96416DE723FA2FC4000197E0 /* XCRemoteSwiftPackageReference "CoreDataStackManager" */,
			);
			productRefGroup = 96A363F3237CF0FC005C45FB /* Products */;
			projectDirPath = "";
			projectRoot = "";
			targets = (
				96A363F1237CF0FC005C45FB /* Freecell */,
				96A36407237CF0FD005C45FB /* FreecellTests */,
				96A36412237CF0FD005C45FB /* FreecellUITests */,
				96A36458237E33BF005C45FB /* FreecellKit */,
				96A36460237E33C0005C45FB /* FreecellKitTests */,
				96A36429237CF138005C45FB /* DeckKit */,
				96A36431237CF138005C45FB /* DeckKitTests */,
				96CA9AD4238F0E4900C34A60 /* Freecell-Mac */,
				96CA9AE8238F0E4B00C34A60 /* Freecell-MacTests */,
				96CA9AF3238F0E4B00C34A60 /* Freecell-MacUITests */,
			);
		};
/* End PBXProject section */

/* Begin PBXResourcesBuildPhase section */
		96A363F0237CF0FC005C45FB /* Resources */ = {
			isa = PBXResourcesBuildPhase;
			buildActionMask = 2147483647;
			files = (
				96A36402237CF0FD005C45FB /* LaunchScreen.storyboard in Resources */,
				96A363FF237CF0FD005C45FB /* Preview Assets.xcassets in Resources */,
				96A363FC237CF0FD005C45FB /* Assets.xcassets in Resources */,
			);
			runOnlyForDeploymentPostprocessing = 0;
		};
		96A36406237CF0FD005C45FB /* Resources */ = {
			isa = PBXResourcesBuildPhase;
			buildActionMask = 2147483647;
			files = (
			);
			runOnlyForDeploymentPostprocessing = 0;
		};
		96A36411237CF0FD005C45FB /* Resources */ = {
			isa = PBXResourcesBuildPhase;
			buildActionMask = 2147483647;
			files = (
			);
			runOnlyForDeploymentPostprocessing = 0;
		};
		96A36428237CF138005C45FB /* Resources */ = {
			isa = PBXResourcesBuildPhase;
			buildActionMask = 2147483647;
			files = (
			);
			runOnlyForDeploymentPostprocessing = 0;
		};
		96A36430237CF138005C45FB /* Resources */ = {
			isa = PBXResourcesBuildPhase;
			buildActionMask = 2147483647;
			files = (
			);
			runOnlyForDeploymentPostprocessing = 0;
		};
		96A36457237E33BF005C45FB /* Resources */ = {
			isa = PBXResourcesBuildPhase;
			buildActionMask = 2147483647;
			files = (
			);
			runOnlyForDeploymentPostprocessing = 0;
		};
		96A3645F237E33C0005C45FB /* Resources */ = {
			isa = PBXResourcesBuildPhase;
			buildActionMask = 2147483647;
			files = (
			);
			runOnlyForDeploymentPostprocessing = 0;
		};
		96CA9AD3238F0E4900C34A60 /* Resources */ = {
			isa = PBXResourcesBuildPhase;
			buildActionMask = 2147483647;
			files = (
				96CA9AE2238F0E4B00C34A60 /* Main.storyboard in Resources */,
				96CA9ADF238F0E4B00C34A60 /* Preview Assets.xcassets in Resources */,
				96CA9ADC238F0E4B00C34A60 /* Assets.xcassets in Resources */,
			);
			runOnlyForDeploymentPostprocessing = 0;
		};
		96CA9AE7238F0E4B00C34A60 /* Resources */ = {
			isa = PBXResourcesBuildPhase;
			buildActionMask = 2147483647;
			files = (
			);
			runOnlyForDeploymentPostprocessing = 0;
		};
		96CA9AF2238F0E4B00C34A60 /* Resources */ = {
			isa = PBXResourcesBuildPhase;
			buildActionMask = 2147483647;
			files = (
			);
			runOnlyForDeploymentPostprocessing = 0;
		};
/* End PBXResourcesBuildPhase section */

/* Begin PBXSourcesBuildPhase section */
		96A363EE237CF0FC005C45FB /* Sources */ = {
			isa = PBXSourcesBuildPhase;
			buildActionMask = 2147483647;
			files = (
				96A363F6237CF0FC005C45FB /* AppDelegate.swift in Sources */,
				9622959C238393BA005D599B /* GameView.swift in Sources */,
				96E188B923BBF301008129AF /* StatusBarHidingFirstResponderHostingController.swift in Sources */,
				96A363F8237CF0FC005C45FB /* SceneDelegate.swift in Sources */,
			);
			runOnlyForDeploymentPostprocessing = 0;
		};
		96A36404237CF0FD005C45FB /* Sources */ = {
			isa = PBXSourcesBuildPhase;
			buildActionMask = 2147483647;
			files = (
				96A3640D237CF0FD005C45FB /* FreecellTests.swift in Sources */,
			);
			runOnlyForDeploymentPostprocessing = 0;
		};
		96A3640F237CF0FD005C45FB /* Sources */ = {
			isa = PBXSourcesBuildPhase;
			buildActionMask = 2147483647;
			files = (
				96A36418237CF0FD005C45FB /* FreecellUITests.swift in Sources */,
			);
			runOnlyForDeploymentPostprocessing = 0;
		};
		96A36426237CF138005C45FB /* Sources */ = {
			isa = PBXSourcesBuildPhase;
			buildActionMask = 2147483647;
			files = (
				96A3644F237CF18B005C45FB /* Deck.swift in Sources */,
				96A3648A237F51BA005C45FB /* Convenience.swift in Sources */,
				96A36451237CF475005C45FB /* Rank.swift in Sources */,
				96A36449237CF141005C45FB /* Suit.swift in Sources */,
				96A3644B237CF157005C45FB /* Card.swift in Sources */,
			);
			runOnlyForDeploymentPostprocessing = 0;
		};
		96A3642E237CF138005C45FB /* Sources */ = {
			isa = PBXSourcesBuildPhase;
			buildActionMask = 2147483647;
			files = (
				96A3643A237CF138005C45FB /* DeckKitTests.swift in Sources */,
			);
			runOnlyForDeploymentPostprocessing = 0;
		};
		96A36455237E33BF005C45FB /* Sources */ = {
			isa = PBXSourcesBuildPhase;
			buildActionMask = 2147483647;
			files = (
				9625628F2381D857003C09AA /* ColumnView.swift in Sources */,
				962295F223884563005D599B /* CardRectangle.swift in Sources */,
				9613245023E12A0600982898 /* CGRect+Center.swift in Sources */,
				961AC2AA23E4B661003341B0 /* MoveEvent.swift in Sources */,
				961AC2A823E374AC003341B0 /* Notification+Freecell.swift in Sources */,
				9688893C238B679A001DD34B /* Suit+Color.swift in Sources */,
				9661E7AC2380439C00183A99 /* CardStack.swift in Sources */,
				96A7223E240181DB004F7F47 /* EmojiBombView.swift in Sources */,
				962562892381D846003C09AA /* CardView.swift in Sources */,
				96A36486237E385B005C45FB /* Foundation.swift in Sources */,
				9688893A2389CB83001DD34B /* Result+SuccessVoid.swift in Sources */,
				9683E0A223F87A5500B6C114 /* Freecell.xcdatamodeld in Sources */,
				962295F92388937D005D599B /* CardTapHandler.swift in Sources */,
				962562912381DEEB003C09AA /* EmptySpotView.swift in Sources */,
				96A36484237E3851005C45FB /* FreeCell.swift in Sources */,
				96A36480237E37D1005C45FB /* Rank+FreecellValue.swift in Sources */,
				96A36482237E384C005C45FB /* Column.swift in Sources */,
				96CA9AD0238CC4F000C34A60 /* Card+Id.swift in Sources */,
				9625628B2381D84C003C09AA /* FreeCellView.swift in Sources */,
				9625628D2381D853003C09AA /* FoundationView.swift in Sources */,
				9689E18B23AB0BA4008B960B /* ModulatedPublisher.swift in Sources */,
				9622959A23835A7B005D599B /* Cell.swift in Sources */,
				9689E18A23AB0BA4008B960B /* SteppingSubscriber.swift in Sources */,
				96CA9B0E239300C300C34A60 /* BoardViewDriver.swift in Sources */,
				964BBF0823A4861C009B4FDE /* Board+Convenience.swift in Sources */,
				96A36488237E3894005C45FB /* FreecellError.swift in Sources */,
				9613245223E23D4000982898 /* CGPoint+Translation.swift in Sources */,
				962295F52388762D005D599B /* BoardView.swift in Sources */,
				9627FED023AB19CF00F8F63B /* CustomDebugStrings.swift in Sources */,
				9616A1D723FB7176007CABA1 /* ControlsView.swift in Sources */,
				9683E0A423F89D6F00B6C114 /* GameRecord.swift in Sources */,
				96A36479237E3408005C45FB /* Stack.swift in Sources */,
				9661BFAE23DE86A300DFC5E9 /* CellInfo.swift in Sources */,
				96A36477237E33D3005C45FB /* Board.swift in Sources */,
				96A7223C2401814C004F7F47 /* EmojiBombAnimator.swift in Sources */,
				964BBF1D23A6D9C3009B4FDE /* StackOffsetting.swift in Sources */,
				964BBF0623A47B96009B4FDE /* BackgroundColorView.swift in Sources */,
			);
			runOnlyForDeploymentPostprocessing = 0;
		};
		96A3645D237E33C0005C45FB /* Sources */ = {
			isa = PBXSourcesBuildPhase;
			buildActionMask = 2147483647;
			files = (
				96A36469237E33C0005C45FB /* FreecellKitTests.swift in Sources */,
				9689E18D23AB0BBB008B960B /* CustomPublisherTests.swift in Sources */,
				964BBF1623A48A88009B4FDE /* Column+Sample.swift in Sources */,
				964BBF0C23A48697009B4FDE /* Board+Preconfigured.swift in Sources */,
				964BBF1823A48B0B009B4FDE /* SubstackMovementTests.swift in Sources */,
				964BBF1A23A48B39009B4FDE /* BoardTests.swift in Sources */,
				964BBF1423A489BF009B4FDE /* LocationTests.swift in Sources */,
				964BBF0A23A48661009B4FDE /* FullStackMovementTests.swift in Sources */,
			);
			runOnlyForDeploymentPostprocessing = 0;
		};
		96CA9AD1238F0E4900C34A60 /* Sources */ = {
			isa = PBXSourcesBuildPhase;
			buildActionMask = 2147483647;
			files = (
				96CA9ADA238F0E4900C34A60 /* GameView.swift in Sources */,
				96CA9AD8238F0E4900C34A60 /* AppDelegate.swift in Sources */,
			);
			runOnlyForDeploymentPostprocessing = 0;
		};
		96CA9AE5238F0E4B00C34A60 /* Sources */ = {
			isa = PBXSourcesBuildPhase;
			buildActionMask = 2147483647;
			files = (
				96CA9AEE238F0E4B00C34A60 /* Freecell_MacTests.swift in Sources */,
			);
			runOnlyForDeploymentPostprocessing = 0;
		};
		96CA9AF0238F0E4B00C34A60 /* Sources */ = {
			isa = PBXSourcesBuildPhase;
			buildActionMask = 2147483647;
			files = (
				96CA9AF9238F0E4B00C34A60 /* Freecell_MacUITests.swift in Sources */,
			);
			runOnlyForDeploymentPostprocessing = 0;
		};
/* End PBXSourcesBuildPhase section */

/* Begin PBXTargetDependency section */
		96A3640A237CF0FD005C45FB /* PBXTargetDependency */ = {
			isa = PBXTargetDependency;
			target = 96A363F1237CF0FC005C45FB /* Freecell */;
			targetProxy = 96A36409237CF0FD005C45FB /* PBXContainerItemProxy */;
		};
		96A36415237CF0FD005C45FB /* PBXTargetDependency */ = {
			isa = PBXTargetDependency;
			target = 96A363F1237CF0FC005C45FB /* Freecell */;
			targetProxy = 96A36414237CF0FD005C45FB /* PBXContainerItemProxy */;
		};
		96A36435237CF138005C45FB /* PBXTargetDependency */ = {
			isa = PBXTargetDependency;
			target = 96A36429237CF138005C45FB /* DeckKit */;
			targetProxy = 96A36434237CF138005C45FB /* PBXContainerItemProxy */;
		};
		96A36437237CF138005C45FB /* PBXTargetDependency */ = {
			isa = PBXTargetDependency;
			target = 96A363F1237CF0FC005C45FB /* Freecell */;
			targetProxy = 96A36436237CF138005C45FB /* PBXContainerItemProxy */;
		};
		96A3643E237CF138005C45FB /* PBXTargetDependency */ = {
			isa = PBXTargetDependency;
			target = 96A36429237CF138005C45FB /* DeckKit */;
			targetProxy = 96A3643D237CF138005C45FB /* PBXContainerItemProxy */;
		};
		96A36464237E33C0005C45FB /* PBXTargetDependency */ = {
			isa = PBXTargetDependency;
			target = 96A36458237E33BF005C45FB /* FreecellKit */;
			targetProxy = 96A36463237E33C0005C45FB /* PBXContainerItemProxy */;
		};
		96A36466237E33C0005C45FB /* PBXTargetDependency */ = {
			isa = PBXTargetDependency;
			target = 96A363F1237CF0FC005C45FB /* Freecell */;
			targetProxy = 96A36465237E33C0005C45FB /* PBXContainerItemProxy */;
		};
		96A3646D237E33C0005C45FB /* PBXTargetDependency */ = {
			isa = PBXTargetDependency;
			target = 96A36458237E33BF005C45FB /* FreecellKit */;
			targetProxy = 96A3646C237E33C0005C45FB /* PBXContainerItemProxy */;
		};
		96A3647E237E367A005C45FB /* PBXTargetDependency */ = {
			isa = PBXTargetDependency;
			target = 96A36429237CF138005C45FB /* DeckKit */;
			targetProxy = 96A3647D237E367A005C45FB /* PBXContainerItemProxy */;
		};
		96CA9AEB238F0E4B00C34A60 /* PBXTargetDependency */ = {
			isa = PBXTargetDependency;
			target = 96CA9AD4238F0E4900C34A60 /* Freecell-Mac */;
			targetProxy = 96CA9AEA238F0E4B00C34A60 /* PBXContainerItemProxy */;
		};
		96CA9AF6238F0E4B00C34A60 /* PBXTargetDependency */ = {
			isa = PBXTargetDependency;
			target = 96CA9AD4238F0E4900C34A60 /* Freecell-Mac */;
			targetProxy = 96CA9AF5238F0E4B00C34A60 /* PBXContainerItemProxy */;
		};
		96CA9B07238F0E5600C34A60 /* PBXTargetDependency */ = {
			isa = PBXTargetDependency;
			target = 96A36429237CF138005C45FB /* DeckKit */;
			targetProxy = 96CA9B06238F0E5600C34A60 /* PBXContainerItemProxy */;
		};
		96CA9B0C238F0E5C00C34A60 /* PBXTargetDependency */ = {
			isa = PBXTargetDependency;
			target = 96A36458237E33BF005C45FB /* FreecellKit */;
			targetProxy = 96CA9B0B238F0E5C00C34A60 /* PBXContainerItemProxy */;
		};
/* End PBXTargetDependency section */

/* Begin PBXVariantGroup section */
		96A36400237CF0FD005C45FB /* LaunchScreen.storyboard */ = {
			isa = PBXVariantGroup;
			children = (
				96A36401237CF0FD005C45FB /* Base */,
			);
			name = LaunchScreen.storyboard;
			sourceTree = "<group>";
		};
		96CA9AE0238F0E4B00C34A60 /* Main.storyboard */ = {
			isa = PBXVariantGroup;
			children = (
				96CA9AE1238F0E4B00C34A60 /* Base */,
			);
			name = Main.storyboard;
			sourceTree = "<group>";
		};
/* End PBXVariantGroup section */

/* Begin XCBuildConfiguration section */
		96A3641A237CF0FD005C45FB /* Debug */ = {
			isa = XCBuildConfiguration;
			buildSettings = {
				ALWAYS_SEARCH_USER_PATHS = NO;
				CLANG_ANALYZER_NONNULL = YES;
				CLANG_ANALYZER_NUMBER_OBJECT_CONVERSION = YES_AGGRESSIVE;
				CLANG_CXX_LANGUAGE_STANDARD = "gnu++14";
				CLANG_CXX_LIBRARY = "libc++";
				CLANG_ENABLE_MODULES = YES;
				CLANG_ENABLE_OBJC_ARC = YES;
				CLANG_ENABLE_OBJC_WEAK = YES;
				CLANG_WARN_BLOCK_CAPTURE_AUTORELEASING = YES;
				CLANG_WARN_BOOL_CONVERSION = YES;
				CLANG_WARN_COMMA = YES;
				CLANG_WARN_CONSTANT_CONVERSION = YES;
				CLANG_WARN_DEPRECATED_OBJC_IMPLEMENTATIONS = YES;
				CLANG_WARN_DIRECT_OBJC_ISA_USAGE = YES_ERROR;
				CLANG_WARN_DOCUMENTATION_COMMENTS = YES;
				CLANG_WARN_EMPTY_BODY = YES;
				CLANG_WARN_ENUM_CONVERSION = YES;
				CLANG_WARN_INFINITE_RECURSION = YES;
				CLANG_WARN_INT_CONVERSION = YES;
				CLANG_WARN_NON_LITERAL_NULL_CONVERSION = YES;
				CLANG_WARN_OBJC_IMPLICIT_RETAIN_SELF = YES;
				CLANG_WARN_OBJC_LITERAL_CONVERSION = YES;
				CLANG_WARN_OBJC_ROOT_CLASS = YES_ERROR;
				CLANG_WARN_RANGE_LOOP_ANALYSIS = YES;
				CLANG_WARN_STRICT_PROTOTYPES = YES;
				CLANG_WARN_SUSPICIOUS_MOVE = YES;
				CLANG_WARN_UNGUARDED_AVAILABILITY = YES_AGGRESSIVE;
				CLANG_WARN_UNREACHABLE_CODE = YES;
				CLANG_WARN__DUPLICATE_METHOD_MATCH = YES;
				COPY_PHASE_STRIP = NO;
				DEBUG_INFORMATION_FORMAT = dwarf;
				ENABLE_STRICT_OBJC_MSGSEND = YES;
				ENABLE_TESTABILITY = YES;
				GCC_C_LANGUAGE_STANDARD = gnu11;
				GCC_DYNAMIC_NO_PIC = NO;
				GCC_NO_COMMON_BLOCKS = YES;
				GCC_OPTIMIZATION_LEVEL = 0;
				GCC_PREPROCESSOR_DEFINITIONS = (
					"DEBUG=1",
					"$(inherited)",
				);
				GCC_WARN_64_TO_32_BIT_CONVERSION = YES;
				GCC_WARN_ABOUT_RETURN_TYPE = YES_ERROR;
				GCC_WARN_UNDECLARED_SELECTOR = YES;
				GCC_WARN_UNINITIALIZED_AUTOS = YES_AGGRESSIVE;
				GCC_WARN_UNUSED_FUNCTION = YES;
				GCC_WARN_UNUSED_VARIABLE = YES;
				IPHONEOS_DEPLOYMENT_TARGET = 13.2;
				MTL_ENABLE_DEBUG_INFO = INCLUDE_SOURCE;
				MTL_FAST_MATH = YES;
				ONLY_ACTIVE_ARCH = YES;
				SDKROOT = iphoneos;
				SWIFT_ACTIVE_COMPILATION_CONDITIONS = DEBUG;
				SWIFT_OPTIMIZATION_LEVEL = "-Onone";
			};
			name = Debug;
		};
		96A3641B237CF0FD005C45FB /* Release */ = {
			isa = XCBuildConfiguration;
			buildSettings = {
				ALWAYS_SEARCH_USER_PATHS = NO;
				CLANG_ANALYZER_NONNULL = YES;
				CLANG_ANALYZER_NUMBER_OBJECT_CONVERSION = YES_AGGRESSIVE;
				CLANG_CXX_LANGUAGE_STANDARD = "gnu++14";
				CLANG_CXX_LIBRARY = "libc++";
				CLANG_ENABLE_MODULES = YES;
				CLANG_ENABLE_OBJC_ARC = YES;
				CLANG_ENABLE_OBJC_WEAK = YES;
				CLANG_WARN_BLOCK_CAPTURE_AUTORELEASING = YES;
				CLANG_WARN_BOOL_CONVERSION = YES;
				CLANG_WARN_COMMA = YES;
				CLANG_WARN_CONSTANT_CONVERSION = YES;
				CLANG_WARN_DEPRECATED_OBJC_IMPLEMENTATIONS = YES;
				CLANG_WARN_DIRECT_OBJC_ISA_USAGE = YES_ERROR;
				CLANG_WARN_DOCUMENTATION_COMMENTS = YES;
				CLANG_WARN_EMPTY_BODY = YES;
				CLANG_WARN_ENUM_CONVERSION = YES;
				CLANG_WARN_INFINITE_RECURSION = YES;
				CLANG_WARN_INT_CONVERSION = YES;
				CLANG_WARN_NON_LITERAL_NULL_CONVERSION = YES;
				CLANG_WARN_OBJC_IMPLICIT_RETAIN_SELF = YES;
				CLANG_WARN_OBJC_LITERAL_CONVERSION = YES;
				CLANG_WARN_OBJC_ROOT_CLASS = YES_ERROR;
				CLANG_WARN_RANGE_LOOP_ANALYSIS = YES;
				CLANG_WARN_STRICT_PROTOTYPES = YES;
				CLANG_WARN_SUSPICIOUS_MOVE = YES;
				CLANG_WARN_UNGUARDED_AVAILABILITY = YES_AGGRESSIVE;
				CLANG_WARN_UNREACHABLE_CODE = YES;
				CLANG_WARN__DUPLICATE_METHOD_MATCH = YES;
				COPY_PHASE_STRIP = NO;
				DEBUG_INFORMATION_FORMAT = "dwarf-with-dsym";
				ENABLE_NS_ASSERTIONS = NO;
				ENABLE_STRICT_OBJC_MSGSEND = YES;
				GCC_C_LANGUAGE_STANDARD = gnu11;
				GCC_NO_COMMON_BLOCKS = YES;
				GCC_WARN_64_TO_32_BIT_CONVERSION = YES;
				GCC_WARN_ABOUT_RETURN_TYPE = YES_ERROR;
				GCC_WARN_UNDECLARED_SELECTOR = YES;
				GCC_WARN_UNINITIALIZED_AUTOS = YES_AGGRESSIVE;
				GCC_WARN_UNUSED_FUNCTION = YES;
				GCC_WARN_UNUSED_VARIABLE = YES;
				IPHONEOS_DEPLOYMENT_TARGET = 13.2;
				MTL_ENABLE_DEBUG_INFO = NO;
				MTL_FAST_MATH = YES;
				SDKROOT = iphoneos;
				SWIFT_COMPILATION_MODE = wholemodule;
				SWIFT_OPTIMIZATION_LEVEL = "-O";
				VALIDATE_PRODUCT = YES;
			};
			name = Release;
		};
		96A3641D237CF0FD005C45FB /* Debug */ = {
			isa = XCBuildConfiguration;
			buildSettings = {
				ALWAYS_EMBED_SWIFT_STANDARD_LIBRARIES = YES;
				ASSETCATALOG_COMPILER_APPICON_NAME = AppIcon;
				CODE_SIGN_ENTITLEMENTS = Freecell/Freecell.entitlements;
				CODE_SIGN_STYLE = Automatic;
				DEVELOPMENT_ASSET_PATHS = "\"Freecell/Preview Content\"";
				DEVELOPMENT_TEAM = 2GPQ8GE99T;
				ENABLE_PREVIEWS = YES;
				INFOPLIST_FILE = Freecell/Info.plist;
				LD_RUNPATH_SEARCH_PATHS = (
					"$(inherited)",
					"@executable_path/Frameworks",
				);
				PRODUCT_BUNDLE_IDENTIFIER = com.JYJApps.Freecell;
				PRODUCT_NAME = "$(TARGET_NAME)";
				SWIFT_VERSION = 5.0;
				TARGETED_DEVICE_FAMILY = 2;
			};
			name = Debug;
		};
		96A3641E237CF0FD005C45FB /* Release */ = {
			isa = XCBuildConfiguration;
			buildSettings = {
				ALWAYS_EMBED_SWIFT_STANDARD_LIBRARIES = YES;
				ASSETCATALOG_COMPILER_APPICON_NAME = AppIcon;
				CODE_SIGN_ENTITLEMENTS = Freecell/Freecell.entitlements;
				CODE_SIGN_STYLE = Automatic;
				DEVELOPMENT_ASSET_PATHS = "\"Freecell/Preview Content\"";
				DEVELOPMENT_TEAM = 2GPQ8GE99T;
				ENABLE_PREVIEWS = YES;
				INFOPLIST_FILE = Freecell/Info.plist;
				LD_RUNPATH_SEARCH_PATHS = (
					"$(inherited)",
					"@executable_path/Frameworks",
				);
				PRODUCT_BUNDLE_IDENTIFIER = com.JYJApps.Freecell;
				PRODUCT_NAME = "$(TARGET_NAME)";
				SWIFT_VERSION = 5.0;
				TARGETED_DEVICE_FAMILY = 2;
			};
			name = Release;
		};
		96A36420237CF0FD005C45FB /* Debug */ = {
			isa = XCBuildConfiguration;
			buildSettings = {
				ALWAYS_EMBED_SWIFT_STANDARD_LIBRARIES = YES;
				BUNDLE_LOADER = "$(TEST_HOST)";
				CODE_SIGN_STYLE = Automatic;
				DEVELOPMENT_TEAM = 2GPQ8GE99T;
				INFOPLIST_FILE = FreecellTests/Info.plist;
				IPHONEOS_DEPLOYMENT_TARGET = 13.2;
				LD_RUNPATH_SEARCH_PATHS = (
					"$(inherited)",
					"@executable_path/Frameworks",
					"@loader_path/Frameworks",
				);
				PRODUCT_BUNDLE_IDENTIFIER = com.JYJApps.FreecellTests;
				PRODUCT_NAME = "$(TARGET_NAME)";
				SWIFT_VERSION = 5.0;
				TARGETED_DEVICE_FAMILY = "1,2";
				TEST_HOST = "$(BUILT_PRODUCTS_DIR)/Freecell.app/Freecell";
			};
			name = Debug;
		};
		96A36421237CF0FD005C45FB /* Release */ = {
			isa = XCBuildConfiguration;
			buildSettings = {
				ALWAYS_EMBED_SWIFT_STANDARD_LIBRARIES = YES;
				BUNDLE_LOADER = "$(TEST_HOST)";
				CODE_SIGN_STYLE = Automatic;
				DEVELOPMENT_TEAM = 2GPQ8GE99T;
				INFOPLIST_FILE = FreecellTests/Info.plist;
				IPHONEOS_DEPLOYMENT_TARGET = 13.2;
				LD_RUNPATH_SEARCH_PATHS = (
					"$(inherited)",
					"@executable_path/Frameworks",
					"@loader_path/Frameworks",
				);
				PRODUCT_BUNDLE_IDENTIFIER = com.JYJApps.FreecellTests;
				PRODUCT_NAME = "$(TARGET_NAME)";
				SWIFT_VERSION = 5.0;
				TARGETED_DEVICE_FAMILY = "1,2";
				TEST_HOST = "$(BUILT_PRODUCTS_DIR)/Freecell.app/Freecell";
			};
			name = Release;
		};
		96A36423237CF0FD005C45FB /* Debug */ = {
			isa = XCBuildConfiguration;
			buildSettings = {
				ALWAYS_EMBED_SWIFT_STANDARD_LIBRARIES = YES;
				CODE_SIGN_STYLE = Automatic;
				DEVELOPMENT_TEAM = 2GPQ8GE99T;
				INFOPLIST_FILE = FreecellUITests/Info.plist;
				LD_RUNPATH_SEARCH_PATHS = (
					"$(inherited)",
					"@executable_path/Frameworks",
					"@loader_path/Frameworks",
				);
				PRODUCT_BUNDLE_IDENTIFIER = com.JYJApps.FreecellUITests;
				PRODUCT_NAME = "$(TARGET_NAME)";
				SWIFT_VERSION = 5.0;
				TARGETED_DEVICE_FAMILY = "1,2";
				TEST_TARGET_NAME = Freecell;
			};
			name = Debug;
		};
		96A36424237CF0FD005C45FB /* Release */ = {
			isa = XCBuildConfiguration;
			buildSettings = {
				ALWAYS_EMBED_SWIFT_STANDARD_LIBRARIES = YES;
				CODE_SIGN_STYLE = Automatic;
				DEVELOPMENT_TEAM = 2GPQ8GE99T;
				INFOPLIST_FILE = FreecellUITests/Info.plist;
				LD_RUNPATH_SEARCH_PATHS = (
					"$(inherited)",
					"@executable_path/Frameworks",
					"@loader_path/Frameworks",
				);
				PRODUCT_BUNDLE_IDENTIFIER = com.JYJApps.FreecellUITests;
				PRODUCT_NAME = "$(TARGET_NAME)";
				SWIFT_VERSION = 5.0;
				TARGETED_DEVICE_FAMILY = "1,2";
				TEST_TARGET_NAME = Freecell;
			};
			name = Release;
		};
		96A36442237CF138005C45FB /* Debug */ = {
			isa = XCBuildConfiguration;
			buildSettings = {
				CLANG_ENABLE_MODULES = YES;
				CODE_SIGN_STYLE = Automatic;
				CURRENT_PROJECT_VERSION = 1;
				DEFINES_MODULE = YES;
				DERIVE_MACCATALYST_PRODUCT_BUNDLE_IDENTIFIER = NO;
				DEVELOPMENT_TEAM = 2GPQ8GE99T;
				DYLIB_COMPATIBILITY_VERSION = 1;
				DYLIB_CURRENT_VERSION = 1;
				DYLIB_INSTALL_NAME_BASE = "@rpath";
				INFOPLIST_FILE = DeckKit/Info.plist;
				INSTALL_PATH = "$(LOCAL_LIBRARY_DIR)/Frameworks";
				LD_RUNPATH_SEARCH_PATHS = (
					"$(inherited)",
					"@executable_path/Frameworks",
					"@loader_path/Frameworks",
				);
				PRODUCT_BUNDLE_IDENTIFIER = com.JYJApps.DeckKit;
				PRODUCT_NAME = "$(TARGET_NAME:c99extidentifier)";
				SKIP_INSTALL = YES;
				SUPPORTED_PLATFORMS = "iphonesimulator iphoneos macosx";
				SUPPORTS_MACCATALYST = NO;
				SWIFT_OPTIMIZATION_LEVEL = "-Onone";
				SWIFT_VERSION = 5.0;
				TARGETED_DEVICE_FAMILY = "1,2";
				VERSIONING_SYSTEM = "apple-generic";
				VERSION_INFO_PREFIX = "";
			};
			name = Debug;
		};
		96A36443237CF138005C45FB /* Release */ = {
			isa = XCBuildConfiguration;
			buildSettings = {
				CLANG_ENABLE_MODULES = YES;
				CODE_SIGN_STYLE = Automatic;
				CURRENT_PROJECT_VERSION = 1;
				DEFINES_MODULE = YES;
				DERIVE_MACCATALYST_PRODUCT_BUNDLE_IDENTIFIER = NO;
				DEVELOPMENT_TEAM = 2GPQ8GE99T;
				DYLIB_COMPATIBILITY_VERSION = 1;
				DYLIB_CURRENT_VERSION = 1;
				DYLIB_INSTALL_NAME_BASE = "@rpath";
				INFOPLIST_FILE = DeckKit/Info.plist;
				INSTALL_PATH = "$(LOCAL_LIBRARY_DIR)/Frameworks";
				LD_RUNPATH_SEARCH_PATHS = (
					"$(inherited)",
					"@executable_path/Frameworks",
					"@loader_path/Frameworks",
				);
				PRODUCT_BUNDLE_IDENTIFIER = com.JYJApps.DeckKit;
				PRODUCT_NAME = "$(TARGET_NAME:c99extidentifier)";
				SKIP_INSTALL = YES;
				SUPPORTED_PLATFORMS = "iphonesimulator iphoneos macosx";
				SUPPORTS_MACCATALYST = NO;
				SWIFT_VERSION = 5.0;
				TARGETED_DEVICE_FAMILY = "1,2";
				VERSIONING_SYSTEM = "apple-generic";
				VERSION_INFO_PREFIX = "";
			};
			name = Release;
		};
		96A36446237CF138005C45FB /* Debug */ = {
			isa = XCBuildConfiguration;
			buildSettings = {
				ALWAYS_EMBED_SWIFT_STANDARD_LIBRARIES = YES;
				CODE_SIGN_STYLE = Automatic;
				DEVELOPMENT_TEAM = 2GPQ8GE99T;
				INFOPLIST_FILE = DeckKitTests/Info.plist;
				LD_RUNPATH_SEARCH_PATHS = (
					"$(inherited)",
					"@executable_path/Frameworks",
					"@loader_path/Frameworks",
				);
				PRODUCT_BUNDLE_IDENTIFIER = com.JYJApps.DeckKitTests;
				PRODUCT_NAME = "$(TARGET_NAME)";
				SWIFT_VERSION = 5.0;
				TARGETED_DEVICE_FAMILY = "1,2";
				TEST_HOST = "$(BUILT_PRODUCTS_DIR)/Freecell.app/Freecell";
			};
			name = Debug;
		};
		96A36447237CF138005C45FB /* Release */ = {
			isa = XCBuildConfiguration;
			buildSettings = {
				ALWAYS_EMBED_SWIFT_STANDARD_LIBRARIES = YES;
				CODE_SIGN_STYLE = Automatic;
				DEVELOPMENT_TEAM = 2GPQ8GE99T;
				INFOPLIST_FILE = DeckKitTests/Info.plist;
				LD_RUNPATH_SEARCH_PATHS = (
					"$(inherited)",
					"@executable_path/Frameworks",
					"@loader_path/Frameworks",
				);
				PRODUCT_BUNDLE_IDENTIFIER = com.JYJApps.DeckKitTests;
				PRODUCT_NAME = "$(TARGET_NAME)";
				SWIFT_VERSION = 5.0;
				TARGETED_DEVICE_FAMILY = "1,2";
				TEST_HOST = "$(BUILT_PRODUCTS_DIR)/Freecell.app/Freecell";
			};
			name = Release;
		};
		96A36471237E33C0005C45FB /* Debug */ = {
			isa = XCBuildConfiguration;
			buildSettings = {
				CLANG_ENABLE_MODULES = YES;
				CODE_SIGN_STYLE = Automatic;
				CURRENT_PROJECT_VERSION = 1;
				DEFINES_MODULE = YES;
				DEVELOPMENT_TEAM = 2GPQ8GE99T;
				DYLIB_COMPATIBILITY_VERSION = 1;
				DYLIB_CURRENT_VERSION = 1;
				DYLIB_INSTALL_NAME_BASE = "@rpath";
				INFOPLIST_FILE = FreecellKit/Info.plist;
				INSTALL_PATH = "$(LOCAL_LIBRARY_DIR)/Frameworks";
				LD_RUNPATH_SEARCH_PATHS = (
					"$(inherited)",
					"@executable_path/Frameworks",
					"@loader_path/Frameworks",
				);
				PRODUCT_BUNDLE_IDENTIFIER = com.JYJApps.FreecellKit;
				PRODUCT_NAME = "$(TARGET_NAME:c99extidentifier)";
				SKIP_INSTALL = YES;
				SUPPORTED_PLATFORMS = "iphonesimulator iphoneos macosx";
				SWIFT_OPTIMIZATION_LEVEL = "-Onone";
				SWIFT_VERSION = 5.0;
				TARGETED_DEVICE_FAMILY = "1,2";
				VERSIONING_SYSTEM = "apple-generic";
				VERSION_INFO_PREFIX = "";
			};
			name = Debug;
		};
		96A36472237E33C0005C45FB /* Release */ = {
			isa = XCBuildConfiguration;
			buildSettings = {
				CLANG_ENABLE_MODULES = YES;
				CODE_SIGN_STYLE = Automatic;
				CURRENT_PROJECT_VERSION = 1;
				DEFINES_MODULE = YES;
				DEVELOPMENT_TEAM = 2GPQ8GE99T;
				DYLIB_COMPATIBILITY_VERSION = 1;
				DYLIB_CURRENT_VERSION = 1;
				DYLIB_INSTALL_NAME_BASE = "@rpath";
				INFOPLIST_FILE = FreecellKit/Info.plist;
				INSTALL_PATH = "$(LOCAL_LIBRARY_DIR)/Frameworks";
				LD_RUNPATH_SEARCH_PATHS = (
					"$(inherited)",
					"@executable_path/Frameworks",
					"@loader_path/Frameworks",
				);
				PRODUCT_BUNDLE_IDENTIFIER = com.JYJApps.FreecellKit;
				PRODUCT_NAME = "$(TARGET_NAME:c99extidentifier)";
				SKIP_INSTALL = YES;
				SUPPORTED_PLATFORMS = "iphonesimulator iphoneos macosx";
				SWIFT_COMPILATION_MODE = singlefile;
				SWIFT_VERSION = 5.0;
				TARGETED_DEVICE_FAMILY = "1,2";
				VERSIONING_SYSTEM = "apple-generic";
				VERSION_INFO_PREFIX = "";
			};
			name = Release;
		};
		96A36474237E33C0005C45FB /* Debug */ = {
			isa = XCBuildConfiguration;
			buildSettings = {
				ALWAYS_EMBED_SWIFT_STANDARD_LIBRARIES = YES;
				CODE_SIGN_STYLE = Automatic;
				DEVELOPMENT_TEAM = 2GPQ8GE99T;
				INFOPLIST_FILE = FreecellKitTests/Info.plist;
				LD_RUNPATH_SEARCH_PATHS = (
					"$(inherited)",
					"@executable_path/Frameworks",
					"@loader_path/Frameworks",
				);
				PRODUCT_BUNDLE_IDENTIFIER = com.JYJApps.FreecellKitTests;
				PRODUCT_NAME = "$(TARGET_NAME)";
				SWIFT_VERSION = 5.0;
				TARGETED_DEVICE_FAMILY = "1,2";
				TEST_HOST = "$(BUILT_PRODUCTS_DIR)/Freecell.app/Freecell";
			};
			name = Debug;
		};
		96A36475237E33C0005C45FB /* Release */ = {
			isa = XCBuildConfiguration;
			buildSettings = {
				ALWAYS_EMBED_SWIFT_STANDARD_LIBRARIES = YES;
				CODE_SIGN_STYLE = Automatic;
				DEVELOPMENT_TEAM = 2GPQ8GE99T;
				INFOPLIST_FILE = FreecellKitTests/Info.plist;
				LD_RUNPATH_SEARCH_PATHS = (
					"$(inherited)",
					"@executable_path/Frameworks",
					"@loader_path/Frameworks",
				);
				PRODUCT_BUNDLE_IDENTIFIER = com.JYJApps.FreecellKitTests;
				PRODUCT_NAME = "$(TARGET_NAME)";
				SWIFT_VERSION = 5.0;
				TARGETED_DEVICE_FAMILY = "1,2";
				TEST_HOST = "$(BUILT_PRODUCTS_DIR)/Freecell.app/Freecell";
			};
			name = Release;
		};
		96CA9AFC238F0E4B00C34A60 /* Debug */ = {
			isa = XCBuildConfiguration;
			buildSettings = {
				ASSETCATALOG_COMPILER_APPICON_NAME = AppIcon;
				CODE_SIGN_ENTITLEMENTS = "Freecell-Mac/Freecell_Mac.entitlements";
				CODE_SIGN_STYLE = Automatic;
				COMBINE_HIDPI_IMAGES = YES;
				DEVELOPMENT_ASSET_PATHS = "\"Freecell-Mac/Preview Content\"";
				DEVELOPMENT_TEAM = 2GPQ8GE99T;
				ENABLE_HARDENED_RUNTIME = YES;
				ENABLE_PREVIEWS = YES;
				INFOPLIST_FILE = "Freecell-Mac/Info.plist";
				LD_RUNPATH_SEARCH_PATHS = (
					"$(inherited)",
					"@executable_path/../Frameworks",
				);
				MACOSX_DEPLOYMENT_TARGET = 10.15;
				PRODUCT_BUNDLE_IDENTIFIER = com.JYJApps.Freecell;
				PRODUCT_NAME = Freecell;
				SDKROOT = macosx;
				SWIFT_VERSION = 5.0;
			};
			name = Debug;
		};
		96CA9AFD238F0E4B00C34A60 /* Release */ = {
			isa = XCBuildConfiguration;
			buildSettings = {
				ASSETCATALOG_COMPILER_APPICON_NAME = AppIcon;
				CODE_SIGN_ENTITLEMENTS = "Freecell-Mac/Freecell_Mac.entitlements";
				CODE_SIGN_STYLE = Automatic;
				COMBINE_HIDPI_IMAGES = YES;
				DEVELOPMENT_ASSET_PATHS = "\"Freecell-Mac/Preview Content\"";
				DEVELOPMENT_TEAM = 2GPQ8GE99T;
				ENABLE_HARDENED_RUNTIME = YES;
				ENABLE_PREVIEWS = YES;
				INFOPLIST_FILE = "Freecell-Mac/Info.plist";
				LD_RUNPATH_SEARCH_PATHS = (
					"$(inherited)",
					"@executable_path/../Frameworks",
				);
				MACOSX_DEPLOYMENT_TARGET = 10.15;
				PRODUCT_BUNDLE_IDENTIFIER = com.JYJApps.Freecell;
				PRODUCT_NAME = Freecell;
				SDKROOT = macosx;
				SWIFT_VERSION = 5.0;
			};
			name = Release;
		};
		96CA9AFF238F0E4B00C34A60 /* Debug */ = {
			isa = XCBuildConfiguration;
			buildSettings = {
				ALWAYS_EMBED_SWIFT_STANDARD_LIBRARIES = YES;
				BUNDLE_LOADER = "$(TEST_HOST)";
				CODE_SIGN_STYLE = Automatic;
				COMBINE_HIDPI_IMAGES = YES;
				DEVELOPMENT_TEAM = 2GPQ8GE99T;
				INFOPLIST_FILE = "Freecell-MacTests/Info.plist";
				LD_RUNPATH_SEARCH_PATHS = (
					"$(inherited)",
					"@executable_path/../Frameworks",
					"@loader_path/../Frameworks",
				);
				MACOSX_DEPLOYMENT_TARGET = 10.15;
				PRODUCT_BUNDLE_IDENTIFIER = "com.JYJApps.Freecell-MacTests";
				PRODUCT_NAME = "$(TARGET_NAME)";
				SDKROOT = macosx;
				SWIFT_VERSION = 5.0;
				TEST_HOST = "$(BUILT_PRODUCTS_DIR)/Freecell-Mac.app/Contents/MacOS/Freecell-Mac";
			};
			name = Debug;
		};
		96CA9B00238F0E4B00C34A60 /* Release */ = {
			isa = XCBuildConfiguration;
			buildSettings = {
				ALWAYS_EMBED_SWIFT_STANDARD_LIBRARIES = YES;
				BUNDLE_LOADER = "$(TEST_HOST)";
				CODE_SIGN_STYLE = Automatic;
				COMBINE_HIDPI_IMAGES = YES;
				DEVELOPMENT_TEAM = 2GPQ8GE99T;
				INFOPLIST_FILE = "Freecell-MacTests/Info.plist";
				LD_RUNPATH_SEARCH_PATHS = (
					"$(inherited)",
					"@executable_path/../Frameworks",
					"@loader_path/../Frameworks",
				);
				MACOSX_DEPLOYMENT_TARGET = 10.15;
				PRODUCT_BUNDLE_IDENTIFIER = "com.JYJApps.Freecell-MacTests";
				PRODUCT_NAME = "$(TARGET_NAME)";
				SDKROOT = macosx;
				SWIFT_VERSION = 5.0;
				TEST_HOST = "$(BUILT_PRODUCTS_DIR)/Freecell-Mac.app/Contents/MacOS/Freecell-Mac";
			};
			name = Release;
		};
		96CA9B02238F0E4B00C34A60 /* Debug */ = {
			isa = XCBuildConfiguration;
			buildSettings = {
				ALWAYS_EMBED_SWIFT_STANDARD_LIBRARIES = YES;
				CODE_SIGN_STYLE = Automatic;
				COMBINE_HIDPI_IMAGES = YES;
				DEVELOPMENT_TEAM = 2GPQ8GE99T;
				INFOPLIST_FILE = "Freecell-MacUITests/Info.plist";
				LD_RUNPATH_SEARCH_PATHS = (
					"$(inherited)",
					"@executable_path/../Frameworks",
					"@loader_path/../Frameworks",
				);
				MACOSX_DEPLOYMENT_TARGET = 10.15;
				PRODUCT_BUNDLE_IDENTIFIER = "com.JYJApps.Freecell-MacUITests";
				PRODUCT_NAME = "$(TARGET_NAME)";
				SDKROOT = macosx;
				SWIFT_VERSION = 5.0;
				TEST_TARGET_NAME = "Freecell-Mac";
			};
			name = Debug;
		};
		96CA9B03238F0E4B00C34A60 /* Release */ = {
			isa = XCBuildConfiguration;
			buildSettings = {
				ALWAYS_EMBED_SWIFT_STANDARD_LIBRARIES = YES;
				CODE_SIGN_STYLE = Automatic;
				COMBINE_HIDPI_IMAGES = YES;
				DEVELOPMENT_TEAM = 2GPQ8GE99T;
				INFOPLIST_FILE = "Freecell-MacUITests/Info.plist";
				LD_RUNPATH_SEARCH_PATHS = (
					"$(inherited)",
					"@executable_path/../Frameworks",
					"@loader_path/../Frameworks",
				);
				MACOSX_DEPLOYMENT_TARGET = 10.15;
				PRODUCT_BUNDLE_IDENTIFIER = "com.JYJApps.Freecell-MacUITests";
				PRODUCT_NAME = "$(TARGET_NAME)";
				SDKROOT = macosx;
				SWIFT_VERSION = 5.0;
				TEST_TARGET_NAME = "Freecell-Mac";
			};
			name = Release;
		};
/* End XCBuildConfiguration section */

/* Begin XCConfigurationList section */
		96A363ED237CF0FC005C45FB /* Build configuration list for PBXProject "Freecell" */ = {
			isa = XCConfigurationList;
			buildConfigurations = (
				96A3641A237CF0FD005C45FB /* Debug */,
				96A3641B237CF0FD005C45FB /* Release */,
			);
			defaultConfigurationIsVisible = 0;
			defaultConfigurationName = Release;
		};
		96A3641C237CF0FD005C45FB /* Build configuration list for PBXNativeTarget "Freecell" */ = {
			isa = XCConfigurationList;
			buildConfigurations = (
				96A3641D237CF0FD005C45FB /* Debug */,
				96A3641E237CF0FD005C45FB /* Release */,
			);
			defaultConfigurationIsVisible = 0;
			defaultConfigurationName = Release;
		};
		96A3641F237CF0FD005C45FB /* Build configuration list for PBXNativeTarget "FreecellTests" */ = {
			isa = XCConfigurationList;
			buildConfigurations = (
				96A36420237CF0FD005C45FB /* Debug */,
				96A36421237CF0FD005C45FB /* Release */,
			);
			defaultConfigurationIsVisible = 0;
			defaultConfigurationName = Release;
		};
		96A36422237CF0FD005C45FB /* Build configuration list for PBXNativeTarget "FreecellUITests" */ = {
			isa = XCConfigurationList;
			buildConfigurations = (
				96A36423237CF0FD005C45FB /* Debug */,
				96A36424237CF0FD005C45FB /* Release */,
			);
			defaultConfigurationIsVisible = 0;
			defaultConfigurationName = Release;
		};
		96A36441237CF138005C45FB /* Build configuration list for PBXNativeTarget "DeckKit" */ = {
			isa = XCConfigurationList;
			buildConfigurations = (
				96A36442237CF138005C45FB /* Debug */,
				96A36443237CF138005C45FB /* Release */,
			);
			defaultConfigurationIsVisible = 0;
			defaultConfigurationName = Release;
		};
		96A36445237CF138005C45FB /* Build configuration list for PBXNativeTarget "DeckKitTests" */ = {
			isa = XCConfigurationList;
			buildConfigurations = (
				96A36446237CF138005C45FB /* Debug */,
				96A36447237CF138005C45FB /* Release */,
			);
			defaultConfigurationIsVisible = 0;
			defaultConfigurationName = Release;
		};
		96A36470237E33C0005C45FB /* Build configuration list for PBXNativeTarget "FreecellKit" */ = {
			isa = XCConfigurationList;
			buildConfigurations = (
				96A36471237E33C0005C45FB /* Debug */,
				96A36472237E33C0005C45FB /* Release */,
			);
			defaultConfigurationIsVisible = 0;
			defaultConfigurationName = Release;
		};
		96A36473237E33C0005C45FB /* Build configuration list for PBXNativeTarget "FreecellKitTests" */ = {
			isa = XCConfigurationList;
			buildConfigurations = (
				96A36474237E33C0005C45FB /* Debug */,
				96A36475237E33C0005C45FB /* Release */,
			);
			defaultConfigurationIsVisible = 0;
			defaultConfigurationName = Release;
		};
		96CA9AFB238F0E4B00C34A60 /* Build configuration list for PBXNativeTarget "Freecell-Mac" */ = {
			isa = XCConfigurationList;
			buildConfigurations = (
				96CA9AFC238F0E4B00C34A60 /* Debug */,
				96CA9AFD238F0E4B00C34A60 /* Release */,
			);
			defaultConfigurationIsVisible = 0;
			defaultConfigurationName = Release;
		};
		96CA9AFE238F0E4B00C34A60 /* Build configuration list for PBXNativeTarget "Freecell-MacTests" */ = {
			isa = XCConfigurationList;
			buildConfigurations = (
				96CA9AFF238F0E4B00C34A60 /* Debug */,
				96CA9B00238F0E4B00C34A60 /* Release */,
			);
			defaultConfigurationIsVisible = 0;
			defaultConfigurationName = Release;
		};
		96CA9B01238F0E4B00C34A60 /* Build configuration list for PBXNativeTarget "Freecell-MacUITests" */ = {
			isa = XCConfigurationList;
			buildConfigurations = (
				96CA9B02238F0E4B00C34A60 /* Debug */,
				96CA9B03238F0E4B00C34A60 /* Release */,
			);
			defaultConfigurationIsVisible = 0;
			defaultConfigurationName = Release;
		};
/* End XCConfigurationList section */

/* Begin XCRemoteSwiftPackageReference section */
		96416DE723FA2FC4000197E0 /* XCRemoteSwiftPackageReference "CoreDataStackManager" */ = {
			isa = XCRemoteSwiftPackageReference;
			repositoryURL = "https://github.com/UberJason/CoreDataStackManager.git";
			requirement = {
				kind = upToNextMajorVersion;
				minimumVersion = 1.1.0;
			};
		};
/* End XCRemoteSwiftPackageReference section */

/* Begin XCSwiftPackageProductDependency section */
		96416DE823FA2FC4000197E0 /* CoreDataStackManager */ = {
			isa = XCSwiftPackageProductDependency;
			package = 96416DE723FA2FC4000197E0 /* XCRemoteSwiftPackageReference "CoreDataStackManager" */;
			productName = CoreDataStackManager;
		};
/* End XCSwiftPackageProductDependency section */

/* Begin XCVersionGroup section */
		9683E0A023F87A5500B6C114 /* Freecell.xcdatamodeld */ = {
			isa = XCVersionGroup;
			children = (
				9683E0A123F87A5500B6C114 /* Freecell.xcdatamodel */,
			);
			currentVersion = 9683E0A123F87A5500B6C114 /* Freecell.xcdatamodel */;
			path = Freecell.xcdatamodeld;
			sourceTree = "<group>";
			versionGroupType = wrapper.xcdatamodel;
		};
/* End XCVersionGroup section */
	};
	rootObject = 96A363EA237CF0FC005C45FB /* Project object */;
}
